
Microsoft Visual Studio Solution File, Format Version 12.00
# Visual Studio 15
VisualStudioVersion = 15.0.27004.2006
MinimumVisualStudioVersion = 10.0.40219.1
Project("{2150E333-8FDC-42A3-9474-1A3956D46DE8}") = "Atividade1", "Atividade1", "{C2F5FFD4-085F-41FF-B392-FAF2CD4B0D17}"
EndProject
Project("{2150E333-8FDC-42A3-9474-1A3956D46DE8}") = "Atividade2", "Atividade2", "{B20C681F-FBCB-4664-BD1A-8F9478A913FE}"
EndProject
Project("{2150E333-8FDC-42A3-9474-1A3956D46DE8}") = "Atividade3", "Atividade3", "{6B3EC0D5-0DA7-4C16-827A-CFB50136C669}"
EndProject
Project("{2150E333-8FDC-42A3-9474-1A3956D46DE8}") = "Atividade4", "Atividade4", "{D6AA0E90-4F7E-42A8-846A-C06BE4FE44DE}"
EndProject
Project("{2150E333-8FDC-42A3-9474-1A3956D46DE8}") = "Atividade5", "Atividade5", "{C1BCCEDF-48C6-4D14-A52D-490FE2491AB5}"
EndProject
Project("{2150E333-8FDC-42A3-9474-1A3956D46DE8}") = "Atividade6", "Atividade6", "{6F154965-188D-4601-B4B0-4A103B77EE27}"
EndProject
Project("{2150E333-8FDC-42A3-9474-1A3956D46DE8}") = "Atividade7", "Atividade7", "{A76CFF93-AFF4-4101-AD79-2686BBF3CBF7}"
EndProject
Project("{2150E333-8FDC-42A3-9474-1A3956D46DE8}") = "Atividade8", "Atividade8", "{7EAAAA3C-0620-46E6-8870-DBB3F4EC1C45}"
EndProject
Project("{FAE04EC0-301F-11D3-BF4B-00C04F79EFBC}") = "XF.Hello.Android", "XF.Hello\XF.Hello.Android\XF.Hello.Android.csproj", "{B4E09904-0BDA-4F37-845D-F9D7BC3D8787}"
EndProject
Project("{FAE04EC0-301F-11D3-BF4B-00C04F79EFBC}") = "XF.Hello", "XF.Hello\XF.Hello\XF.Hello.csproj", "{73D479A3-B9D6-47E1-856A-DFA4B773CFBC}"
EndProject
Project("{FAE04EC0-301F-11D3-BF4B-00C04F79EFBC}") = "XF.Hello.UWP", "XF.Hello\XF.Hello.UWP\XF.Hello.UWP.csproj", "{D15DE44C-7569-4688-B075-4A50F06259B4}"
EndProject
Project("{FAE04EC0-301F-11D3-BF4B-00C04F79EFBC}") = "XF.Hello.iOS", "XF.Hello\XF.Hello.iOS\XF.Hello.iOS.csproj", "{4C2D77C3-1927-41AD-8B8C-6085FDA897ED}"
EndProject
Project("{FAE04EC0-301F-11D3-BF4B-00C04F79EFBC}") = "XF.MVVMBasic.Android", "XF.MVVMBasic\XF.MVVMBasic.Android\XF.MVVMBasic.Android.csproj", "{2A2AB01E-DC3A-4A57-8F5A-A306C2820A08}"
EndProject
Project("{FAE04EC0-301F-11D3-BF4B-00C04F79EFBC}") = "XF.MVVMBasic", "XF.MVVMBasic\XF.MVVMBasic\XF.MVVMBasic.csproj", "{3AFC9BB4-B180-4B2A-B71A-3C59A120D50C}"
EndProject
Project("{FAE04EC0-301F-11D3-BF4B-00C04F79EFBC}") = "XF.MVVMBasic.UWP", "XF.MVVMBasic\XF.MVVMBasic.UWP\XF.MVVMBasic.UWP.csproj", "{52DF30BC-81C9-49B3-9AA3-8D10D74BD0F0}"
EndProject
Project("{FAE04EC0-301F-11D3-BF4B-00C04F79EFBC}") = "XF.MVVMBasic.iOS", "XF.MVVMBasic\XF.MVVMBasic.iOS\XF.MVVMBasic.iOS.csproj", "{E89AED06-A5E3-482E-885F-0BE692506C6E}"
EndProject
Project("{FAE04EC0-301F-11D3-BF4B-00C04F79EFBC}") = "XF.LocalDB.Android", "XF.LocalDB\XF.LocalDB.Android\XF.LocalDB.Android.csproj", "{2CF99A5C-70FB-4053-8EEC-725B32564218}"
EndProject
Project("{FAE04EC0-301F-11D3-BF4B-00C04F79EFBC}") = "XF.LocalDB", "XF.LocalDB\XF.LocalDB\XF.LocalDB.csproj", "{795F1A59-5F79-4670-97C1-D7C84049AE49}"
EndProject
Project("{FAE04EC0-301F-11D3-BF4B-00C04F79EFBC}") = "XF.LocalDB.UWP", "XF.LocalDB\XF.LocalDB.UWP\XF.LocalDB.UWP.csproj", "{5DC135AC-0293-4578-B40D-DDB0F320AD5F}"
EndProject
Project("{FAE04EC0-301F-11D3-BF4B-00C04F79EFBC}") = "XF.LocalDB.iOS", "XF.LocalDB\XF.LocalDB.iOS\XF.LocalDB.iOS.csproj", "{1DDE57CB-616A-40AA-8B6F-2325070C278F}"
EndProject
Project("{FAE04EC0-301F-11D3-BF4B-00C04F79EFBC}") = "XF.AplicativoFIAP.Android", "XF.AplicativoFIAP\XF.AplicativoFIAP.Android\XF.AplicativoFIAP.Android.csproj", "{0DB69F8F-F220-438B-9BB7-9743DF757C7C}"
EndProject
Project("{FAE04EC0-301F-11D3-BF4B-00C04F79EFBC}") = "XF.AplicativoFIAP", "XF.AplicativoFIAP\XF.AplicativoFIAP\XF.AplicativoFIAP.csproj", "{CDE0FA43-3505-47FA-8EDC-5799F363B67C}"
EndProject
Project("{FAE04EC0-301F-11D3-BF4B-00C04F79EFBC}") = "XF.AplicativoFIAP.UWP", "XF.AplicativoFIAP\XF.AplicativoFIAP.UWP\XF.AplicativoFIAP.UWP.csproj", "{F11F6BE2-B15E-408F-B3EF-D0B729EFDDB7}"
EndProject
Project("{FAE04EC0-301F-11D3-BF4B-00C04F79EFBC}") = "XF.AplicativoFIAP.iOS", "XF.AplicativoFIAP\XF.AplicativoFIAP.iOS\XF.AplicativoFIAP.iOS.csproj", "{0F12AE34-654F-414B-AD92-A5D0F7E36AA3}"
EndProject
Project("{FAE04EC0-301F-11D3-BF4B-00C04F79EFBC}") = "XF.Contatos.Android", "XF.Contatos\XF.Contatos.Android\XF.Contatos.Android.csproj", "{B97BDC9E-6052-47DD-AB8A-39629628AC4D}"
EndProject
Project("{FAE04EC0-301F-11D3-BF4B-00C04F79EFBC}") = "XF.Contatos", "XF.Contatos\XF.Contatos\XF.Contatos.csproj", "{64EF7D5B-8BDD-4D82-A8DA-5D77415F7695}"
EndProject
Project("{FAE04EC0-301F-11D3-BF4B-00C04F79EFBC}") = "XF.Contatos.UWP", "XF.Contatos\XF.Contatos.UWP\XF.Contatos.UWP.csproj", "{37D3FFC0-3449-4EAD-ACE1-F3BA8E0A762B}"
EndProject
Project("{FAE04EC0-301F-11D3-BF4B-00C04F79EFBC}") = "XF.Contatos.iOS", "XF.Contatos\XF.Contatos.iOS\XF.Contatos.iOS.csproj", "{81443D3D-F816-4845-A367-5651767E8318}"
EndProject
Global
	GlobalSection(SolutionConfigurationPlatforms) = preSolution
		Ad-Hoc|Any CPU = Ad-Hoc|Any CPU
		Ad-Hoc|ARM = Ad-Hoc|ARM
		Ad-Hoc|iPhone = Ad-Hoc|iPhone
		Ad-Hoc|iPhoneSimulator = Ad-Hoc|iPhoneSimulator
		Ad-Hoc|x64 = Ad-Hoc|x64
		Ad-Hoc|x86 = Ad-Hoc|x86
		AppStore|Any CPU = AppStore|Any CPU
		AppStore|ARM = AppStore|ARM
		AppStore|iPhone = AppStore|iPhone
		AppStore|iPhoneSimulator = AppStore|iPhoneSimulator
		AppStore|x64 = AppStore|x64
		AppStore|x86 = AppStore|x86
		Debug|Any CPU = Debug|Any CPU
		Debug|ARM = Debug|ARM
		Debug|iPhone = Debug|iPhone
		Debug|iPhoneSimulator = Debug|iPhoneSimulator
		Debug|x64 = Debug|x64
		Debug|x86 = Debug|x86
		Release|Any CPU = Release|Any CPU
		Release|ARM = Release|ARM
		Release|iPhone = Release|iPhone
		Release|iPhoneSimulator = Release|iPhoneSimulator
		Release|x64 = Release|x64
		Release|x86 = Release|x86
	EndGlobalSection
	GlobalSection(ProjectConfigurationPlatforms) = postSolution
		{B4E09904-0BDA-4F37-845D-F9D7BC3D8787}.Ad-Hoc|Any CPU.ActiveCfg = Release|Any CPU
		{B4E09904-0BDA-4F37-845D-F9D7BC3D8787}.Ad-Hoc|Any CPU.Build.0 = Release|Any CPU
		{B4E09904-0BDA-4F37-845D-F9D7BC3D8787}.Ad-Hoc|Any CPU.Deploy.0 = Release|Any CPU
		{B4E09904-0BDA-4F37-845D-F9D7BC3D8787}.Ad-Hoc|ARM.ActiveCfg = Release|Any CPU
		{B4E09904-0BDA-4F37-845D-F9D7BC3D8787}.Ad-Hoc|ARM.Build.0 = Release|Any CPU
		{B4E09904-0BDA-4F37-845D-F9D7BC3D8787}.Ad-Hoc|ARM.Deploy.0 = Release|Any CPU
		{B4E09904-0BDA-4F37-845D-F9D7BC3D8787}.Ad-Hoc|iPhone.ActiveCfg = Release|Any CPU
		{B4E09904-0BDA-4F37-845D-F9D7BC3D8787}.Ad-Hoc|iPhone.Build.0 = Release|Any CPU
		{B4E09904-0BDA-4F37-845D-F9D7BC3D8787}.Ad-Hoc|iPhone.Deploy.0 = Release|Any CPU
		{B4E09904-0BDA-4F37-845D-F9D7BC3D8787}.Ad-Hoc|iPhoneSimulator.ActiveCfg = Release|Any CPU
		{B4E09904-0BDA-4F37-845D-F9D7BC3D8787}.Ad-Hoc|iPhoneSimulator.Build.0 = Release|Any CPU
		{B4E09904-0BDA-4F37-845D-F9D7BC3D8787}.Ad-Hoc|iPhoneSimulator.Deploy.0 = Release|Any CPU
		{B4E09904-0BDA-4F37-845D-F9D7BC3D8787}.Ad-Hoc|x64.ActiveCfg = Release|Any CPU
		{B4E09904-0BDA-4F37-845D-F9D7BC3D8787}.Ad-Hoc|x64.Build.0 = Release|Any CPU
		{B4E09904-0BDA-4F37-845D-F9D7BC3D8787}.Ad-Hoc|x64.Deploy.0 = Release|Any CPU
		{B4E09904-0BDA-4F37-845D-F9D7BC3D8787}.Ad-Hoc|x86.ActiveCfg = Release|Any CPU
		{B4E09904-0BDA-4F37-845D-F9D7BC3D8787}.Ad-Hoc|x86.Build.0 = Release|Any CPU
		{B4E09904-0BDA-4F37-845D-F9D7BC3D8787}.Ad-Hoc|x86.Deploy.0 = Release|Any CPU
		{B4E09904-0BDA-4F37-845D-F9D7BC3D8787}.AppStore|Any CPU.ActiveCfg = Release|Any CPU
		{B4E09904-0BDA-4F37-845D-F9D7BC3D8787}.AppStore|Any CPU.Build.0 = Release|Any CPU
		{B4E09904-0BDA-4F37-845D-F9D7BC3D8787}.AppStore|Any CPU.Deploy.0 = Release|Any CPU
		{B4E09904-0BDA-4F37-845D-F9D7BC3D8787}.AppStore|ARM.ActiveCfg = Release|Any CPU
		{B4E09904-0BDA-4F37-845D-F9D7BC3D8787}.AppStore|ARM.Build.0 = Release|Any CPU
		{B4E09904-0BDA-4F37-845D-F9D7BC3D8787}.AppStore|ARM.Deploy.0 = Release|Any CPU
		{B4E09904-0BDA-4F37-845D-F9D7BC3D8787}.AppStore|iPhone.ActiveCfg = Release|Any CPU
		{B4E09904-0BDA-4F37-845D-F9D7BC3D8787}.AppStore|iPhone.Build.0 = Release|Any CPU
		{B4E09904-0BDA-4F37-845D-F9D7BC3D8787}.AppStore|iPhone.Deploy.0 = Release|Any CPU
		{B4E09904-0BDA-4F37-845D-F9D7BC3D8787}.AppStore|iPhoneSimulator.ActiveCfg = Release|Any CPU
		{B4E09904-0BDA-4F37-845D-F9D7BC3D8787}.AppStore|iPhoneSimulator.Build.0 = Release|Any CPU
		{B4E09904-0BDA-4F37-845D-F9D7BC3D8787}.AppStore|iPhoneSimulator.Deploy.0 = Release|Any CPU
		{B4E09904-0BDA-4F37-845D-F9D7BC3D8787}.AppStore|x64.ActiveCfg = Release|Any CPU
		{B4E09904-0BDA-4F37-845D-F9D7BC3D8787}.AppStore|x64.Build.0 = Release|Any CPU
		{B4E09904-0BDA-4F37-845D-F9D7BC3D8787}.AppStore|x64.Deploy.0 = Release|Any CPU
		{B4E09904-0BDA-4F37-845D-F9D7BC3D8787}.AppStore|x86.ActiveCfg = Release|Any CPU
		{B4E09904-0BDA-4F37-845D-F9D7BC3D8787}.AppStore|x86.Build.0 = Release|Any CPU
		{B4E09904-0BDA-4F37-845D-F9D7BC3D8787}.AppStore|x86.Deploy.0 = Release|Any CPU
		{B4E09904-0BDA-4F37-845D-F9D7BC3D8787}.Debug|Any CPU.ActiveCfg = Debug|Any CPU
		{B4E09904-0BDA-4F37-845D-F9D7BC3D8787}.Debug|Any CPU.Build.0 = Debug|Any CPU
		{B4E09904-0BDA-4F37-845D-F9D7BC3D8787}.Debug|Any CPU.Deploy.0 = Debug|Any CPU
		{B4E09904-0BDA-4F37-845D-F9D7BC3D8787}.Debug|ARM.ActiveCfg = Debug|Any CPU
		{B4E09904-0BDA-4F37-845D-F9D7BC3D8787}.Debug|ARM.Build.0 = Debug|Any CPU
		{B4E09904-0BDA-4F37-845D-F9D7BC3D8787}.Debug|ARM.Deploy.0 = Debug|Any CPU
		{B4E09904-0BDA-4F37-845D-F9D7BC3D8787}.Debug|iPhone.ActiveCfg = Debug|Any CPU
		{B4E09904-0BDA-4F37-845D-F9D7BC3D8787}.Debug|iPhone.Build.0 = Debug|Any CPU
		{B4E09904-0BDA-4F37-845D-F9D7BC3D8787}.Debug|iPhone.Deploy.0 = Debug|Any CPU
		{B4E09904-0BDA-4F37-845D-F9D7BC3D8787}.Debug|iPhoneSimulator.ActiveCfg = Debug|Any CPU
		{B4E09904-0BDA-4F37-845D-F9D7BC3D8787}.Debug|iPhoneSimulator.Build.0 = Debug|Any CPU
		{B4E09904-0BDA-4F37-845D-F9D7BC3D8787}.Debug|iPhoneSimulator.Deploy.0 = Debug|Any CPU
		{B4E09904-0BDA-4F37-845D-F9D7BC3D8787}.Debug|x64.ActiveCfg = Debug|Any CPU
		{B4E09904-0BDA-4F37-845D-F9D7BC3D8787}.Debug|x64.Build.0 = Debug|Any CPU
		{B4E09904-0BDA-4F37-845D-F9D7BC3D8787}.Debug|x64.Deploy.0 = Debug|Any CPU
		{B4E09904-0BDA-4F37-845D-F9D7BC3D8787}.Debug|x86.ActiveCfg = Debug|Any CPU
		{B4E09904-0BDA-4F37-845D-F9D7BC3D8787}.Debug|x86.Build.0 = Debug|Any CPU
		{B4E09904-0BDA-4F37-845D-F9D7BC3D8787}.Debug|x86.Deploy.0 = Debug|Any CPU
		{B4E09904-0BDA-4F37-845D-F9D7BC3D8787}.Release|Any CPU.ActiveCfg = Release|Any CPU
		{B4E09904-0BDA-4F37-845D-F9D7BC3D8787}.Release|Any CPU.Build.0 = Release|Any CPU
		{B4E09904-0BDA-4F37-845D-F9D7BC3D8787}.Release|Any CPU.Deploy.0 = Release|Any CPU
		{B4E09904-0BDA-4F37-845D-F9D7BC3D8787}.Release|ARM.ActiveCfg = Release|Any CPU
		{B4E09904-0BDA-4F37-845D-F9D7BC3D8787}.Release|ARM.Build.0 = Release|Any CPU
		{B4E09904-0BDA-4F37-845D-F9D7BC3D8787}.Release|ARM.Deploy.0 = Release|Any CPU
		{B4E09904-0BDA-4F37-845D-F9D7BC3D8787}.Release|iPhone.ActiveCfg = Release|Any CPU
		{B4E09904-0BDA-4F37-845D-F9D7BC3D8787}.Release|iPhone.Build.0 = Release|Any CPU
		{B4E09904-0BDA-4F37-845D-F9D7BC3D8787}.Release|iPhone.Deploy.0 = Release|Any CPU
		{B4E09904-0BDA-4F37-845D-F9D7BC3D8787}.Release|iPhoneSimulator.ActiveCfg = Release|Any CPU
		{B4E09904-0BDA-4F37-845D-F9D7BC3D8787}.Release|iPhoneSimulator.Build.0 = Release|Any CPU
		{B4E09904-0BDA-4F37-845D-F9D7BC3D8787}.Release|iPhoneSimulator.Deploy.0 = Release|Any CPU
		{B4E09904-0BDA-4F37-845D-F9D7BC3D8787}.Release|x64.ActiveCfg = Release|Any CPU
		{B4E09904-0BDA-4F37-845D-F9D7BC3D8787}.Release|x64.Build.0 = Release|Any CPU
		{B4E09904-0BDA-4F37-845D-F9D7BC3D8787}.Release|x64.Deploy.0 = Release|Any CPU
		{B4E09904-0BDA-4F37-845D-F9D7BC3D8787}.Release|x86.ActiveCfg = Release|Any CPU
		{B4E09904-0BDA-4F37-845D-F9D7BC3D8787}.Release|x86.Build.0 = Release|Any CPU
		{B4E09904-0BDA-4F37-845D-F9D7BC3D8787}.Release|x86.Deploy.0 = Release|Any CPU
		{73D479A3-B9D6-47E1-856A-DFA4B773CFBC}.Ad-Hoc|Any CPU.ActiveCfg = Release|Any CPU
		{73D479A3-B9D6-47E1-856A-DFA4B773CFBC}.Ad-Hoc|Any CPU.Build.0 = Release|Any CPU
		{73D479A3-B9D6-47E1-856A-DFA4B773CFBC}.Ad-Hoc|ARM.ActiveCfg = Release|Any CPU
		{73D479A3-B9D6-47E1-856A-DFA4B773CFBC}.Ad-Hoc|ARM.Build.0 = Release|Any CPU
		{73D479A3-B9D6-47E1-856A-DFA4B773CFBC}.Ad-Hoc|iPhone.ActiveCfg = Release|Any CPU
		{73D479A3-B9D6-47E1-856A-DFA4B773CFBC}.Ad-Hoc|iPhone.Build.0 = Release|Any CPU
		{73D479A3-B9D6-47E1-856A-DFA4B773CFBC}.Ad-Hoc|iPhoneSimulator.ActiveCfg = Release|Any CPU
		{73D479A3-B9D6-47E1-856A-DFA4B773CFBC}.Ad-Hoc|iPhoneSimulator.Build.0 = Release|Any CPU
		{73D479A3-B9D6-47E1-856A-DFA4B773CFBC}.Ad-Hoc|x64.ActiveCfg = Release|Any CPU
		{73D479A3-B9D6-47E1-856A-DFA4B773CFBC}.Ad-Hoc|x64.Build.0 = Release|Any CPU
		{73D479A3-B9D6-47E1-856A-DFA4B773CFBC}.Ad-Hoc|x86.ActiveCfg = Release|Any CPU
		{73D479A3-B9D6-47E1-856A-DFA4B773CFBC}.Ad-Hoc|x86.Build.0 = Release|Any CPU
		{73D479A3-B9D6-47E1-856A-DFA4B773CFBC}.AppStore|Any CPU.ActiveCfg = Release|Any CPU
		{73D479A3-B9D6-47E1-856A-DFA4B773CFBC}.AppStore|Any CPU.Build.0 = Release|Any CPU
		{73D479A3-B9D6-47E1-856A-DFA4B773CFBC}.AppStore|ARM.ActiveCfg = Release|Any CPU
		{73D479A3-B9D6-47E1-856A-DFA4B773CFBC}.AppStore|ARM.Build.0 = Release|Any CPU
		{73D479A3-B9D6-47E1-856A-DFA4B773CFBC}.AppStore|iPhone.ActiveCfg = Release|Any CPU
		{73D479A3-B9D6-47E1-856A-DFA4B773CFBC}.AppStore|iPhone.Build.0 = Release|Any CPU
		{73D479A3-B9D6-47E1-856A-DFA4B773CFBC}.AppStore|iPhoneSimulator.ActiveCfg = Release|Any CPU
		{73D479A3-B9D6-47E1-856A-DFA4B773CFBC}.AppStore|iPhoneSimulator.Build.0 = Release|Any CPU
		{73D479A3-B9D6-47E1-856A-DFA4B773CFBC}.AppStore|x64.ActiveCfg = Release|Any CPU
		{73D479A3-B9D6-47E1-856A-DFA4B773CFBC}.AppStore|x64.Build.0 = Release|Any CPU
		{73D479A3-B9D6-47E1-856A-DFA4B773CFBC}.AppStore|x86.ActiveCfg = Release|Any CPU
		{73D479A3-B9D6-47E1-856A-DFA4B773CFBC}.AppStore|x86.Build.0 = Release|Any CPU
		{73D479A3-B9D6-47E1-856A-DFA4B773CFBC}.Debug|Any CPU.ActiveCfg = Debug|Any CPU
		{73D479A3-B9D6-47E1-856A-DFA4B773CFBC}.Debug|Any CPU.Build.0 = Debug|Any CPU
		{73D479A3-B9D6-47E1-856A-DFA4B773CFBC}.Debug|ARM.ActiveCfg = Debug|Any CPU
		{73D479A3-B9D6-47E1-856A-DFA4B773CFBC}.Debug|ARM.Build.0 = Debug|Any CPU
		{73D479A3-B9D6-47E1-856A-DFA4B773CFBC}.Debug|iPhone.ActiveCfg = Debug|Any CPU
		{73D479A3-B9D6-47E1-856A-DFA4B773CFBC}.Debug|iPhone.Build.0 = Debug|Any CPU
		{73D479A3-B9D6-47E1-856A-DFA4B773CFBC}.Debug|iPhoneSimulator.ActiveCfg = Debug|Any CPU
		{73D479A3-B9D6-47E1-856A-DFA4B773CFBC}.Debug|iPhoneSimulator.Build.0 = Debug|Any CPU
		{73D479A3-B9D6-47E1-856A-DFA4B773CFBC}.Debug|x64.ActiveCfg = Debug|Any CPU
		{73D479A3-B9D6-47E1-856A-DFA4B773CFBC}.Debug|x64.Build.0 = Debug|Any CPU
		{73D479A3-B9D6-47E1-856A-DFA4B773CFBC}.Debug|x86.ActiveCfg = Debug|Any CPU
		{73D479A3-B9D6-47E1-856A-DFA4B773CFBC}.Debug|x86.Build.0 = Debug|Any CPU
		{73D479A3-B9D6-47E1-856A-DFA4B773CFBC}.Release|Any CPU.ActiveCfg = Release|Any CPU
		{73D479A3-B9D6-47E1-856A-DFA4B773CFBC}.Release|Any CPU.Build.0 = Release|Any CPU
		{73D479A3-B9D6-47E1-856A-DFA4B773CFBC}.Release|ARM.ActiveCfg = Release|Any CPU
		{73D479A3-B9D6-47E1-856A-DFA4B773CFBC}.Release|ARM.Build.0 = Release|Any CPU
		{73D479A3-B9D6-47E1-856A-DFA4B773CFBC}.Release|iPhone.ActiveCfg = Release|Any CPU
		{73D479A3-B9D6-47E1-856A-DFA4B773CFBC}.Release|iPhone.Build.0 = Release|Any CPU
		{73D479A3-B9D6-47E1-856A-DFA4B773CFBC}.Release|iPhoneSimulator.ActiveCfg = Release|Any CPU
		{73D479A3-B9D6-47E1-856A-DFA4B773CFBC}.Release|iPhoneSimulator.Build.0 = Release|Any CPU
		{73D479A3-B9D6-47E1-856A-DFA4B773CFBC}.Release|x64.ActiveCfg = Release|Any CPU
		{73D479A3-B9D6-47E1-856A-DFA4B773CFBC}.Release|x64.Build.0 = Release|Any CPU
		{73D479A3-B9D6-47E1-856A-DFA4B773CFBC}.Release|x86.ActiveCfg = Release|Any CPU
		{73D479A3-B9D6-47E1-856A-DFA4B773CFBC}.Release|x86.Build.0 = Release|Any CPU
		{D15DE44C-7569-4688-B075-4A50F06259B4}.Ad-Hoc|Any CPU.ActiveCfg = Release|x86
		{D15DE44C-7569-4688-B075-4A50F06259B4}.Ad-Hoc|Any CPU.Build.0 = Release|x86
		{D15DE44C-7569-4688-B075-4A50F06259B4}.Ad-Hoc|Any CPU.Deploy.0 = Release|x86
		{D15DE44C-7569-4688-B075-4A50F06259B4}.Ad-Hoc|ARM.ActiveCfg = Release|ARM
		{D15DE44C-7569-4688-B075-4A50F06259B4}.Ad-Hoc|ARM.Build.0 = Release|ARM
		{D15DE44C-7569-4688-B075-4A50F06259B4}.Ad-Hoc|ARM.Deploy.0 = Release|ARM
		{D15DE44C-7569-4688-B075-4A50F06259B4}.Ad-Hoc|iPhone.ActiveCfg = Release|x86
		{D15DE44C-7569-4688-B075-4A50F06259B4}.Ad-Hoc|iPhone.Build.0 = Release|x86
		{D15DE44C-7569-4688-B075-4A50F06259B4}.Ad-Hoc|iPhone.Deploy.0 = Release|x86
		{D15DE44C-7569-4688-B075-4A50F06259B4}.Ad-Hoc|iPhoneSimulator.ActiveCfg = Release|x86
		{D15DE44C-7569-4688-B075-4A50F06259B4}.Ad-Hoc|iPhoneSimulator.Build.0 = Release|x86
		{D15DE44C-7569-4688-B075-4A50F06259B4}.Ad-Hoc|iPhoneSimulator.Deploy.0 = Release|x86
		{D15DE44C-7569-4688-B075-4A50F06259B4}.Ad-Hoc|x64.ActiveCfg = Release|x64
		{D15DE44C-7569-4688-B075-4A50F06259B4}.Ad-Hoc|x64.Build.0 = Release|x64
		{D15DE44C-7569-4688-B075-4A50F06259B4}.Ad-Hoc|x64.Deploy.0 = Release|x64
		{D15DE44C-7569-4688-B075-4A50F06259B4}.Ad-Hoc|x86.ActiveCfg = Release|x86
		{D15DE44C-7569-4688-B075-4A50F06259B4}.Ad-Hoc|x86.Build.0 = Release|x86
		{D15DE44C-7569-4688-B075-4A50F06259B4}.Ad-Hoc|x86.Deploy.0 = Release|x86
		{D15DE44C-7569-4688-B075-4A50F06259B4}.AppStore|Any CPU.ActiveCfg = Release|x86
		{D15DE44C-7569-4688-B075-4A50F06259B4}.AppStore|Any CPU.Build.0 = Release|x86
		{D15DE44C-7569-4688-B075-4A50F06259B4}.AppStore|Any CPU.Deploy.0 = Release|x86
		{D15DE44C-7569-4688-B075-4A50F06259B4}.AppStore|ARM.ActiveCfg = Release|ARM
		{D15DE44C-7569-4688-B075-4A50F06259B4}.AppStore|ARM.Build.0 = Release|ARM
		{D15DE44C-7569-4688-B075-4A50F06259B4}.AppStore|ARM.Deploy.0 = Release|ARM
		{D15DE44C-7569-4688-B075-4A50F06259B4}.AppStore|iPhone.ActiveCfg = Release|x86
		{D15DE44C-7569-4688-B075-4A50F06259B4}.AppStore|iPhone.Build.0 = Release|x86
		{D15DE44C-7569-4688-B075-4A50F06259B4}.AppStore|iPhone.Deploy.0 = Release|x86
		{D15DE44C-7569-4688-B075-4A50F06259B4}.AppStore|iPhoneSimulator.ActiveCfg = Release|x86
		{D15DE44C-7569-4688-B075-4A50F06259B4}.AppStore|iPhoneSimulator.Build.0 = Release|x86
		{D15DE44C-7569-4688-B075-4A50F06259B4}.AppStore|iPhoneSimulator.Deploy.0 = Release|x86
		{D15DE44C-7569-4688-B075-4A50F06259B4}.AppStore|x64.ActiveCfg = Release|x64
		{D15DE44C-7569-4688-B075-4A50F06259B4}.AppStore|x64.Build.0 = Release|x64
		{D15DE44C-7569-4688-B075-4A50F06259B4}.AppStore|x64.Deploy.0 = Release|x64
		{D15DE44C-7569-4688-B075-4A50F06259B4}.AppStore|x86.ActiveCfg = Release|x86
		{D15DE44C-7569-4688-B075-4A50F06259B4}.AppStore|x86.Build.0 = Release|x86
		{D15DE44C-7569-4688-B075-4A50F06259B4}.AppStore|x86.Deploy.0 = Release|x86
		{D15DE44C-7569-4688-B075-4A50F06259B4}.Debug|Any CPU.ActiveCfg = Debug|x86
		{D15DE44C-7569-4688-B075-4A50F06259B4}.Debug|ARM.ActiveCfg = Debug|ARM
		{D15DE44C-7569-4688-B075-4A50F06259B4}.Debug|ARM.Build.0 = Debug|ARM
		{D15DE44C-7569-4688-B075-4A50F06259B4}.Debug|ARM.Deploy.0 = Debug|ARM
		{D15DE44C-7569-4688-B075-4A50F06259B4}.Debug|iPhone.ActiveCfg = Debug|x86
		{D15DE44C-7569-4688-B075-4A50F06259B4}.Debug|iPhoneSimulator.ActiveCfg = Debug|x86
		{D15DE44C-7569-4688-B075-4A50F06259B4}.Debug|x64.ActiveCfg = Debug|x64
		{D15DE44C-7569-4688-B075-4A50F06259B4}.Debug|x64.Build.0 = Debug|x64
		{D15DE44C-7569-4688-B075-4A50F06259B4}.Debug|x64.Deploy.0 = Debug|x64
		{D15DE44C-7569-4688-B075-4A50F06259B4}.Debug|x86.ActiveCfg = Debug|x86
		{D15DE44C-7569-4688-B075-4A50F06259B4}.Debug|x86.Build.0 = Debug|x86
		{D15DE44C-7569-4688-B075-4A50F06259B4}.Debug|x86.Deploy.0 = Debug|x86
		{D15DE44C-7569-4688-B075-4A50F06259B4}.Release|Any CPU.ActiveCfg = Release|x86
		{D15DE44C-7569-4688-B075-4A50F06259B4}.Release|ARM.ActiveCfg = Release|ARM
		{D15DE44C-7569-4688-B075-4A50F06259B4}.Release|ARM.Build.0 = Release|ARM
		{D15DE44C-7569-4688-B075-4A50F06259B4}.Release|ARM.Deploy.0 = Release|ARM
		{D15DE44C-7569-4688-B075-4A50F06259B4}.Release|iPhone.ActiveCfg = Release|x86
		{D15DE44C-7569-4688-B075-4A50F06259B4}.Release|iPhoneSimulator.ActiveCfg = Release|x86
		{D15DE44C-7569-4688-B075-4A50F06259B4}.Release|x64.ActiveCfg = Release|x64
		{D15DE44C-7569-4688-B075-4A50F06259B4}.Release|x64.Build.0 = Release|x64
		{D15DE44C-7569-4688-B075-4A50F06259B4}.Release|x64.Deploy.0 = Release|x64
		{D15DE44C-7569-4688-B075-4A50F06259B4}.Release|x86.ActiveCfg = Release|x86
		{D15DE44C-7569-4688-B075-4A50F06259B4}.Release|x86.Build.0 = Release|x86
		{D15DE44C-7569-4688-B075-4A50F06259B4}.Release|x86.Deploy.0 = Release|x86
		{4C2D77C3-1927-41AD-8B8C-6085FDA897ED}.Ad-Hoc|Any CPU.ActiveCfg = Ad-Hoc|iPhone
		{4C2D77C3-1927-41AD-8B8C-6085FDA897ED}.Ad-Hoc|ARM.ActiveCfg = Ad-Hoc|iPhone
		{4C2D77C3-1927-41AD-8B8C-6085FDA897ED}.Ad-Hoc|iPhone.ActiveCfg = Ad-Hoc|iPhone
		{4C2D77C3-1927-41AD-8B8C-6085FDA897ED}.Ad-Hoc|iPhone.Build.0 = Ad-Hoc|iPhone
		{4C2D77C3-1927-41AD-8B8C-6085FDA897ED}.Ad-Hoc|iPhoneSimulator.ActiveCfg = Ad-Hoc|iPhoneSimulator
		{4C2D77C3-1927-41AD-8B8C-6085FDA897ED}.Ad-Hoc|iPhoneSimulator.Build.0 = Ad-Hoc|iPhoneSimulator
		{4C2D77C3-1927-41AD-8B8C-6085FDA897ED}.Ad-Hoc|x64.ActiveCfg = Ad-Hoc|iPhone
		{4C2D77C3-1927-41AD-8B8C-6085FDA897ED}.Ad-Hoc|x86.ActiveCfg = Ad-Hoc|iPhone
		{4C2D77C3-1927-41AD-8B8C-6085FDA897ED}.AppStore|Any CPU.ActiveCfg = AppStore|iPhone
		{4C2D77C3-1927-41AD-8B8C-6085FDA897ED}.AppStore|ARM.ActiveCfg = AppStore|iPhone
		{4C2D77C3-1927-41AD-8B8C-6085FDA897ED}.AppStore|iPhone.ActiveCfg = AppStore|iPhone
		{4C2D77C3-1927-41AD-8B8C-6085FDA897ED}.AppStore|iPhone.Build.0 = AppStore|iPhone
		{4C2D77C3-1927-41AD-8B8C-6085FDA897ED}.AppStore|iPhoneSimulator.ActiveCfg = AppStore|iPhoneSimulator
		{4C2D77C3-1927-41AD-8B8C-6085FDA897ED}.AppStore|iPhoneSimulator.Build.0 = AppStore|iPhoneSimulator
		{4C2D77C3-1927-41AD-8B8C-6085FDA897ED}.AppStore|x64.ActiveCfg = AppStore|iPhone
		{4C2D77C3-1927-41AD-8B8C-6085FDA897ED}.AppStore|x86.ActiveCfg = AppStore|iPhone
		{4C2D77C3-1927-41AD-8B8C-6085FDA897ED}.Debug|Any CPU.ActiveCfg = Debug|iPhone
		{4C2D77C3-1927-41AD-8B8C-6085FDA897ED}.Debug|ARM.ActiveCfg = Debug|iPhone
		{4C2D77C3-1927-41AD-8B8C-6085FDA897ED}.Debug|iPhone.ActiveCfg = Debug|iPhone
		{4C2D77C3-1927-41AD-8B8C-6085FDA897ED}.Debug|iPhone.Build.0 = Debug|iPhone
		{4C2D77C3-1927-41AD-8B8C-6085FDA897ED}.Debug|iPhoneSimulator.ActiveCfg = Debug|iPhoneSimulator
		{4C2D77C3-1927-41AD-8B8C-6085FDA897ED}.Debug|iPhoneSimulator.Build.0 = Debug|iPhoneSimulator
		{4C2D77C3-1927-41AD-8B8C-6085FDA897ED}.Debug|x64.ActiveCfg = Debug|iPhone
		{4C2D77C3-1927-41AD-8B8C-6085FDA897ED}.Debug|x86.ActiveCfg = Debug|iPhone
		{4C2D77C3-1927-41AD-8B8C-6085FDA897ED}.Release|Any CPU.ActiveCfg = Release|iPhone
		{4C2D77C3-1927-41AD-8B8C-6085FDA897ED}.Release|ARM.ActiveCfg = Release|iPhone
		{4C2D77C3-1927-41AD-8B8C-6085FDA897ED}.Release|iPhone.ActiveCfg = Release|iPhone
		{4C2D77C3-1927-41AD-8B8C-6085FDA897ED}.Release|iPhone.Build.0 = Release|iPhone
		{4C2D77C3-1927-41AD-8B8C-6085FDA897ED}.Release|iPhoneSimulator.ActiveCfg = Release|iPhoneSimulator
		{4C2D77C3-1927-41AD-8B8C-6085FDA897ED}.Release|iPhoneSimulator.Build.0 = Release|iPhoneSimulator
		{4C2D77C3-1927-41AD-8B8C-6085FDA897ED}.Release|x64.ActiveCfg = Release|iPhone
		{4C2D77C3-1927-41AD-8B8C-6085FDA897ED}.Release|x86.ActiveCfg = Release|iPhone
		{2A2AB01E-DC3A-4A57-8F5A-A306C2820A08}.Ad-Hoc|Any CPU.ActiveCfg = Release|Any CPU
		{2A2AB01E-DC3A-4A57-8F5A-A306C2820A08}.Ad-Hoc|Any CPU.Build.0 = Release|Any CPU
		{2A2AB01E-DC3A-4A57-8F5A-A306C2820A08}.Ad-Hoc|Any CPU.Deploy.0 = Release|Any CPU
		{2A2AB01E-DC3A-4A57-8F5A-A306C2820A08}.Ad-Hoc|ARM.ActiveCfg = Release|Any CPU
		{2A2AB01E-DC3A-4A57-8F5A-A306C2820A08}.Ad-Hoc|ARM.Build.0 = Release|Any CPU
		{2A2AB01E-DC3A-4A57-8F5A-A306C2820A08}.Ad-Hoc|ARM.Deploy.0 = Release|Any CPU
		{2A2AB01E-DC3A-4A57-8F5A-A306C2820A08}.Ad-Hoc|iPhone.ActiveCfg = Release|Any CPU
		{2A2AB01E-DC3A-4A57-8F5A-A306C2820A08}.Ad-Hoc|iPhone.Build.0 = Release|Any CPU
		{2A2AB01E-DC3A-4A57-8F5A-A306C2820A08}.Ad-Hoc|iPhone.Deploy.0 = Release|Any CPU
		{2A2AB01E-DC3A-4A57-8F5A-A306C2820A08}.Ad-Hoc|iPhoneSimulator.ActiveCfg = Release|Any CPU
		{2A2AB01E-DC3A-4A57-8F5A-A306C2820A08}.Ad-Hoc|iPhoneSimulator.Build.0 = Release|Any CPU
		{2A2AB01E-DC3A-4A57-8F5A-A306C2820A08}.Ad-Hoc|iPhoneSimulator.Deploy.0 = Release|Any CPU
		{2A2AB01E-DC3A-4A57-8F5A-A306C2820A08}.Ad-Hoc|x64.ActiveCfg = Release|Any CPU
		{2A2AB01E-DC3A-4A57-8F5A-A306C2820A08}.Ad-Hoc|x64.Build.0 = Release|Any CPU
		{2A2AB01E-DC3A-4A57-8F5A-A306C2820A08}.Ad-Hoc|x64.Deploy.0 = Release|Any CPU
		{2A2AB01E-DC3A-4A57-8F5A-A306C2820A08}.Ad-Hoc|x86.ActiveCfg = Release|Any CPU
		{2A2AB01E-DC3A-4A57-8F5A-A306C2820A08}.Ad-Hoc|x86.Build.0 = Release|Any CPU
		{2A2AB01E-DC3A-4A57-8F5A-A306C2820A08}.Ad-Hoc|x86.Deploy.0 = Release|Any CPU
		{2A2AB01E-DC3A-4A57-8F5A-A306C2820A08}.AppStore|Any CPU.ActiveCfg = Release|Any CPU
		{2A2AB01E-DC3A-4A57-8F5A-A306C2820A08}.AppStore|Any CPU.Build.0 = Release|Any CPU
		{2A2AB01E-DC3A-4A57-8F5A-A306C2820A08}.AppStore|Any CPU.Deploy.0 = Release|Any CPU
		{2A2AB01E-DC3A-4A57-8F5A-A306C2820A08}.AppStore|ARM.ActiveCfg = Release|Any CPU
		{2A2AB01E-DC3A-4A57-8F5A-A306C2820A08}.AppStore|ARM.Build.0 = Release|Any CPU
		{2A2AB01E-DC3A-4A57-8F5A-A306C2820A08}.AppStore|ARM.Deploy.0 = Release|Any CPU
		{2A2AB01E-DC3A-4A57-8F5A-A306C2820A08}.AppStore|iPhone.ActiveCfg = Release|Any CPU
		{2A2AB01E-DC3A-4A57-8F5A-A306C2820A08}.AppStore|iPhone.Build.0 = Release|Any CPU
		{2A2AB01E-DC3A-4A57-8F5A-A306C2820A08}.AppStore|iPhone.Deploy.0 = Release|Any CPU
		{2A2AB01E-DC3A-4A57-8F5A-A306C2820A08}.AppStore|iPhoneSimulator.ActiveCfg = Release|Any CPU
		{2A2AB01E-DC3A-4A57-8F5A-A306C2820A08}.AppStore|iPhoneSimulator.Build.0 = Release|Any CPU
		{2A2AB01E-DC3A-4A57-8F5A-A306C2820A08}.AppStore|iPhoneSimulator.Deploy.0 = Release|Any CPU
		{2A2AB01E-DC3A-4A57-8F5A-A306C2820A08}.AppStore|x64.ActiveCfg = Release|Any CPU
		{2A2AB01E-DC3A-4A57-8F5A-A306C2820A08}.AppStore|x64.Build.0 = Release|Any CPU
		{2A2AB01E-DC3A-4A57-8F5A-A306C2820A08}.AppStore|x64.Deploy.0 = Release|Any CPU
		{2A2AB01E-DC3A-4A57-8F5A-A306C2820A08}.AppStore|x86.ActiveCfg = Release|Any CPU
		{2A2AB01E-DC3A-4A57-8F5A-A306C2820A08}.AppStore|x86.Build.0 = Release|Any CPU
		{2A2AB01E-DC3A-4A57-8F5A-A306C2820A08}.AppStore|x86.Deploy.0 = Release|Any CPU
		{2A2AB01E-DC3A-4A57-8F5A-A306C2820A08}.Debug|Any CPU.ActiveCfg = Debug|Any CPU
		{2A2AB01E-DC3A-4A57-8F5A-A306C2820A08}.Debug|Any CPU.Build.0 = Debug|Any CPU
		{2A2AB01E-DC3A-4A57-8F5A-A306C2820A08}.Debug|Any CPU.Deploy.0 = Debug|Any CPU
		{2A2AB01E-DC3A-4A57-8F5A-A306C2820A08}.Debug|ARM.ActiveCfg = Debug|Any CPU
		{2A2AB01E-DC3A-4A57-8F5A-A306C2820A08}.Debug|ARM.Build.0 = Debug|Any CPU
		{2A2AB01E-DC3A-4A57-8F5A-A306C2820A08}.Debug|ARM.Deploy.0 = Debug|Any CPU
		{2A2AB01E-DC3A-4A57-8F5A-A306C2820A08}.Debug|iPhone.ActiveCfg = Debug|Any CPU
		{2A2AB01E-DC3A-4A57-8F5A-A306C2820A08}.Debug|iPhone.Build.0 = Debug|Any CPU
		{2A2AB01E-DC3A-4A57-8F5A-A306C2820A08}.Debug|iPhone.Deploy.0 = Debug|Any CPU
		{2A2AB01E-DC3A-4A57-8F5A-A306C2820A08}.Debug|iPhoneSimulator.ActiveCfg = Debug|Any CPU
		{2A2AB01E-DC3A-4A57-8F5A-A306C2820A08}.Debug|iPhoneSimulator.Build.0 = Debug|Any CPU
		{2A2AB01E-DC3A-4A57-8F5A-A306C2820A08}.Debug|iPhoneSimulator.Deploy.0 = Debug|Any CPU
		{2A2AB01E-DC3A-4A57-8F5A-A306C2820A08}.Debug|x64.ActiveCfg = Debug|Any CPU
		{2A2AB01E-DC3A-4A57-8F5A-A306C2820A08}.Debug|x64.Build.0 = Debug|Any CPU
		{2A2AB01E-DC3A-4A57-8F5A-A306C2820A08}.Debug|x64.Deploy.0 = Debug|Any CPU
		{2A2AB01E-DC3A-4A57-8F5A-A306C2820A08}.Debug|x86.ActiveCfg = Debug|Any CPU
		{2A2AB01E-DC3A-4A57-8F5A-A306C2820A08}.Debug|x86.Build.0 = Debug|Any CPU
		{2A2AB01E-DC3A-4A57-8F5A-A306C2820A08}.Debug|x86.Deploy.0 = Debug|Any CPU
		{2A2AB01E-DC3A-4A57-8F5A-A306C2820A08}.Release|Any CPU.ActiveCfg = Release|Any CPU
		{2A2AB01E-DC3A-4A57-8F5A-A306C2820A08}.Release|Any CPU.Build.0 = Release|Any CPU
		{2A2AB01E-DC3A-4A57-8F5A-A306C2820A08}.Release|Any CPU.Deploy.0 = Release|Any CPU
		{2A2AB01E-DC3A-4A57-8F5A-A306C2820A08}.Release|ARM.ActiveCfg = Release|Any CPU
		{2A2AB01E-DC3A-4A57-8F5A-A306C2820A08}.Release|ARM.Build.0 = Release|Any CPU
		{2A2AB01E-DC3A-4A57-8F5A-A306C2820A08}.Release|ARM.Deploy.0 = Release|Any CPU
		{2A2AB01E-DC3A-4A57-8F5A-A306C2820A08}.Release|iPhone.ActiveCfg = Release|Any CPU
		{2A2AB01E-DC3A-4A57-8F5A-A306C2820A08}.Release|iPhone.Build.0 = Release|Any CPU
		{2A2AB01E-DC3A-4A57-8F5A-A306C2820A08}.Release|iPhone.Deploy.0 = Release|Any CPU
		{2A2AB01E-DC3A-4A57-8F5A-A306C2820A08}.Release|iPhoneSimulator.ActiveCfg = Release|Any CPU
		{2A2AB01E-DC3A-4A57-8F5A-A306C2820A08}.Release|iPhoneSimulator.Build.0 = Release|Any CPU
		{2A2AB01E-DC3A-4A57-8F5A-A306C2820A08}.Release|iPhoneSimulator.Deploy.0 = Release|Any CPU
		{2A2AB01E-DC3A-4A57-8F5A-A306C2820A08}.Release|x64.ActiveCfg = Release|Any CPU
		{2A2AB01E-DC3A-4A57-8F5A-A306C2820A08}.Release|x64.Build.0 = Release|Any CPU
		{2A2AB01E-DC3A-4A57-8F5A-A306C2820A08}.Release|x64.Deploy.0 = Release|Any CPU
		{2A2AB01E-DC3A-4A57-8F5A-A306C2820A08}.Release|x86.ActiveCfg = Release|Any CPU
		{2A2AB01E-DC3A-4A57-8F5A-A306C2820A08}.Release|x86.Build.0 = Release|Any CPU
		{2A2AB01E-DC3A-4A57-8F5A-A306C2820A08}.Release|x86.Deploy.0 = Release|Any CPU
		{3AFC9BB4-B180-4B2A-B71A-3C59A120D50C}.Ad-Hoc|Any CPU.ActiveCfg = Release|Any CPU
		{3AFC9BB4-B180-4B2A-B71A-3C59A120D50C}.Ad-Hoc|Any CPU.Build.0 = Release|Any CPU
		{3AFC9BB4-B180-4B2A-B71A-3C59A120D50C}.Ad-Hoc|ARM.ActiveCfg = Release|Any CPU
		{3AFC9BB4-B180-4B2A-B71A-3C59A120D50C}.Ad-Hoc|ARM.Build.0 = Release|Any CPU
		{3AFC9BB4-B180-4B2A-B71A-3C59A120D50C}.Ad-Hoc|iPhone.ActiveCfg = Release|Any CPU
		{3AFC9BB4-B180-4B2A-B71A-3C59A120D50C}.Ad-Hoc|iPhone.Build.0 = Release|Any CPU
		{3AFC9BB4-B180-4B2A-B71A-3C59A120D50C}.Ad-Hoc|iPhoneSimulator.ActiveCfg = Release|Any CPU
		{3AFC9BB4-B180-4B2A-B71A-3C59A120D50C}.Ad-Hoc|iPhoneSimulator.Build.0 = Release|Any CPU
		{3AFC9BB4-B180-4B2A-B71A-3C59A120D50C}.Ad-Hoc|x64.ActiveCfg = Release|Any CPU
		{3AFC9BB4-B180-4B2A-B71A-3C59A120D50C}.Ad-Hoc|x64.Build.0 = Release|Any CPU
		{3AFC9BB4-B180-4B2A-B71A-3C59A120D50C}.Ad-Hoc|x86.ActiveCfg = Release|Any CPU
		{3AFC9BB4-B180-4B2A-B71A-3C59A120D50C}.Ad-Hoc|x86.Build.0 = Release|Any CPU
		{3AFC9BB4-B180-4B2A-B71A-3C59A120D50C}.AppStore|Any CPU.ActiveCfg = Release|Any CPU
		{3AFC9BB4-B180-4B2A-B71A-3C59A120D50C}.AppStore|Any CPU.Build.0 = Release|Any CPU
		{3AFC9BB4-B180-4B2A-B71A-3C59A120D50C}.AppStore|ARM.ActiveCfg = Release|Any CPU
		{3AFC9BB4-B180-4B2A-B71A-3C59A120D50C}.AppStore|ARM.Build.0 = Release|Any CPU
		{3AFC9BB4-B180-4B2A-B71A-3C59A120D50C}.AppStore|iPhone.ActiveCfg = Release|Any CPU
		{3AFC9BB4-B180-4B2A-B71A-3C59A120D50C}.AppStore|iPhone.Build.0 = Release|Any CPU
		{3AFC9BB4-B180-4B2A-B71A-3C59A120D50C}.AppStore|iPhoneSimulator.ActiveCfg = Release|Any CPU
		{3AFC9BB4-B180-4B2A-B71A-3C59A120D50C}.AppStore|iPhoneSimulator.Build.0 = Release|Any CPU
		{3AFC9BB4-B180-4B2A-B71A-3C59A120D50C}.AppStore|x64.ActiveCfg = Release|Any CPU
		{3AFC9BB4-B180-4B2A-B71A-3C59A120D50C}.AppStore|x64.Build.0 = Release|Any CPU
		{3AFC9BB4-B180-4B2A-B71A-3C59A120D50C}.AppStore|x86.ActiveCfg = Release|Any CPU
		{3AFC9BB4-B180-4B2A-B71A-3C59A120D50C}.AppStore|x86.Build.0 = Release|Any CPU
		{3AFC9BB4-B180-4B2A-B71A-3C59A120D50C}.Debug|Any CPU.ActiveCfg = Debug|Any CPU
		{3AFC9BB4-B180-4B2A-B71A-3C59A120D50C}.Debug|Any CPU.Build.0 = Debug|Any CPU
		{3AFC9BB4-B180-4B2A-B71A-3C59A120D50C}.Debug|ARM.ActiveCfg = Debug|Any CPU
		{3AFC9BB4-B180-4B2A-B71A-3C59A120D50C}.Debug|ARM.Build.0 = Debug|Any CPU
		{3AFC9BB4-B180-4B2A-B71A-3C59A120D50C}.Debug|iPhone.ActiveCfg = Debug|Any CPU
		{3AFC9BB4-B180-4B2A-B71A-3C59A120D50C}.Debug|iPhone.Build.0 = Debug|Any CPU
		{3AFC9BB4-B180-4B2A-B71A-3C59A120D50C}.Debug|iPhoneSimulator.ActiveCfg = Debug|Any CPU
		{3AFC9BB4-B180-4B2A-B71A-3C59A120D50C}.Debug|iPhoneSimulator.Build.0 = Debug|Any CPU
		{3AFC9BB4-B180-4B2A-B71A-3C59A120D50C}.Debug|x64.ActiveCfg = Debug|Any CPU
		{3AFC9BB4-B180-4B2A-B71A-3C59A120D50C}.Debug|x64.Build.0 = Debug|Any CPU
		{3AFC9BB4-B180-4B2A-B71A-3C59A120D50C}.Debug|x86.ActiveCfg = Debug|Any CPU
		{3AFC9BB4-B180-4B2A-B71A-3C59A120D50C}.Debug|x86.Build.0 = Debug|Any CPU
		{3AFC9BB4-B180-4B2A-B71A-3C59A120D50C}.Release|Any CPU.ActiveCfg = Release|Any CPU
		{3AFC9BB4-B180-4B2A-B71A-3C59A120D50C}.Release|Any CPU.Build.0 = Release|Any CPU
		{3AFC9BB4-B180-4B2A-B71A-3C59A120D50C}.Release|ARM.ActiveCfg = Release|Any CPU
		{3AFC9BB4-B180-4B2A-B71A-3C59A120D50C}.Release|ARM.Build.0 = Release|Any CPU
		{3AFC9BB4-B180-4B2A-B71A-3C59A120D50C}.Release|iPhone.ActiveCfg = Release|Any CPU
		{3AFC9BB4-B180-4B2A-B71A-3C59A120D50C}.Release|iPhone.Build.0 = Release|Any CPU
		{3AFC9BB4-B180-4B2A-B71A-3C59A120D50C}.Release|iPhoneSimulator.ActiveCfg = Release|Any CPU
		{3AFC9BB4-B180-4B2A-B71A-3C59A120D50C}.Release|iPhoneSimulator.Build.0 = Release|Any CPU
		{3AFC9BB4-B180-4B2A-B71A-3C59A120D50C}.Release|x64.ActiveCfg = Release|Any CPU
		{3AFC9BB4-B180-4B2A-B71A-3C59A120D50C}.Release|x64.Build.0 = Release|Any CPU
		{3AFC9BB4-B180-4B2A-B71A-3C59A120D50C}.Release|x86.ActiveCfg = Release|Any CPU
		{3AFC9BB4-B180-4B2A-B71A-3C59A120D50C}.Release|x86.Build.0 = Release|Any CPU
		{52DF30BC-81C9-49B3-9AA3-8D10D74BD0F0}.Ad-Hoc|Any CPU.ActiveCfg = Release|x86
		{52DF30BC-81C9-49B3-9AA3-8D10D74BD0F0}.Ad-Hoc|Any CPU.Build.0 = Release|x86
		{52DF30BC-81C9-49B3-9AA3-8D10D74BD0F0}.Ad-Hoc|Any CPU.Deploy.0 = Release|x86
		{52DF30BC-81C9-49B3-9AA3-8D10D74BD0F0}.Ad-Hoc|ARM.ActiveCfg = Release|ARM
		{52DF30BC-81C9-49B3-9AA3-8D10D74BD0F0}.Ad-Hoc|ARM.Build.0 = Release|ARM
		{52DF30BC-81C9-49B3-9AA3-8D10D74BD0F0}.Ad-Hoc|ARM.Deploy.0 = Release|ARM
		{52DF30BC-81C9-49B3-9AA3-8D10D74BD0F0}.Ad-Hoc|iPhone.ActiveCfg = Release|x86
		{52DF30BC-81C9-49B3-9AA3-8D10D74BD0F0}.Ad-Hoc|iPhone.Build.0 = Release|x86
		{52DF30BC-81C9-49B3-9AA3-8D10D74BD0F0}.Ad-Hoc|iPhone.Deploy.0 = Release|x86
		{52DF30BC-81C9-49B3-9AA3-8D10D74BD0F0}.Ad-Hoc|iPhoneSimulator.ActiveCfg = Release|x86
		{52DF30BC-81C9-49B3-9AA3-8D10D74BD0F0}.Ad-Hoc|iPhoneSimulator.Build.0 = Release|x86
		{52DF30BC-81C9-49B3-9AA3-8D10D74BD0F0}.Ad-Hoc|iPhoneSimulator.Deploy.0 = Release|x86
		{52DF30BC-81C9-49B3-9AA3-8D10D74BD0F0}.Ad-Hoc|x64.ActiveCfg = Release|x64
		{52DF30BC-81C9-49B3-9AA3-8D10D74BD0F0}.Ad-Hoc|x64.Build.0 = Release|x64
		{52DF30BC-81C9-49B3-9AA3-8D10D74BD0F0}.Ad-Hoc|x64.Deploy.0 = Release|x64
		{52DF30BC-81C9-49B3-9AA3-8D10D74BD0F0}.Ad-Hoc|x86.ActiveCfg = Release|x86
		{52DF30BC-81C9-49B3-9AA3-8D10D74BD0F0}.Ad-Hoc|x86.Build.0 = Release|x86
		{52DF30BC-81C9-49B3-9AA3-8D10D74BD0F0}.Ad-Hoc|x86.Deploy.0 = Release|x86
		{52DF30BC-81C9-49B3-9AA3-8D10D74BD0F0}.AppStore|Any CPU.ActiveCfg = Release|x86
		{52DF30BC-81C9-49B3-9AA3-8D10D74BD0F0}.AppStore|Any CPU.Build.0 = Release|x86
		{52DF30BC-81C9-49B3-9AA3-8D10D74BD0F0}.AppStore|Any CPU.Deploy.0 = Release|x86
		{52DF30BC-81C9-49B3-9AA3-8D10D74BD0F0}.AppStore|ARM.ActiveCfg = Release|ARM
		{52DF30BC-81C9-49B3-9AA3-8D10D74BD0F0}.AppStore|ARM.Build.0 = Release|ARM
		{52DF30BC-81C9-49B3-9AA3-8D10D74BD0F0}.AppStore|ARM.Deploy.0 = Release|ARM
		{52DF30BC-81C9-49B3-9AA3-8D10D74BD0F0}.AppStore|iPhone.ActiveCfg = Release|x86
		{52DF30BC-81C9-49B3-9AA3-8D10D74BD0F0}.AppStore|iPhone.Build.0 = Release|x86
		{52DF30BC-81C9-49B3-9AA3-8D10D74BD0F0}.AppStore|iPhone.Deploy.0 = Release|x86
		{52DF30BC-81C9-49B3-9AA3-8D10D74BD0F0}.AppStore|iPhoneSimulator.ActiveCfg = Release|x86
		{52DF30BC-81C9-49B3-9AA3-8D10D74BD0F0}.AppStore|iPhoneSimulator.Build.0 = Release|x86
		{52DF30BC-81C9-49B3-9AA3-8D10D74BD0F0}.AppStore|iPhoneSimulator.Deploy.0 = Release|x86
		{52DF30BC-81C9-49B3-9AA3-8D10D74BD0F0}.AppStore|x64.ActiveCfg = Release|x64
		{52DF30BC-81C9-49B3-9AA3-8D10D74BD0F0}.AppStore|x64.Build.0 = Release|x64
		{52DF30BC-81C9-49B3-9AA3-8D10D74BD0F0}.AppStore|x64.Deploy.0 = Release|x64
		{52DF30BC-81C9-49B3-9AA3-8D10D74BD0F0}.AppStore|x86.ActiveCfg = Release|x86
		{52DF30BC-81C9-49B3-9AA3-8D10D74BD0F0}.AppStore|x86.Build.0 = Release|x86
		{52DF30BC-81C9-49B3-9AA3-8D10D74BD0F0}.AppStore|x86.Deploy.0 = Release|x86
		{52DF30BC-81C9-49B3-9AA3-8D10D74BD0F0}.Debug|Any CPU.ActiveCfg = Debug|x86
		{52DF30BC-81C9-49B3-9AA3-8D10D74BD0F0}.Debug|ARM.ActiveCfg = Debug|ARM
		{52DF30BC-81C9-49B3-9AA3-8D10D74BD0F0}.Debug|ARM.Build.0 = Debug|ARM
		{52DF30BC-81C9-49B3-9AA3-8D10D74BD0F0}.Debug|ARM.Deploy.0 = Debug|ARM
		{52DF30BC-81C9-49B3-9AA3-8D10D74BD0F0}.Debug|iPhone.ActiveCfg = Debug|x86
		{52DF30BC-81C9-49B3-9AA3-8D10D74BD0F0}.Debug|iPhoneSimulator.ActiveCfg = Debug|x86
		{52DF30BC-81C9-49B3-9AA3-8D10D74BD0F0}.Debug|x64.ActiveCfg = Debug|x64
		{52DF30BC-81C9-49B3-9AA3-8D10D74BD0F0}.Debug|x64.Build.0 = Debug|x64
		{52DF30BC-81C9-49B3-9AA3-8D10D74BD0F0}.Debug|x64.Deploy.0 = Debug|x64
		{52DF30BC-81C9-49B3-9AA3-8D10D74BD0F0}.Debug|x86.ActiveCfg = Debug|x86
		{52DF30BC-81C9-49B3-9AA3-8D10D74BD0F0}.Debug|x86.Build.0 = Debug|x86
		{52DF30BC-81C9-49B3-9AA3-8D10D74BD0F0}.Debug|x86.Deploy.0 = Debug|x86
		{52DF30BC-81C9-49B3-9AA3-8D10D74BD0F0}.Release|Any CPU.ActiveCfg = Release|x86
		{52DF30BC-81C9-49B3-9AA3-8D10D74BD0F0}.Release|ARM.ActiveCfg = Release|ARM
		{52DF30BC-81C9-49B3-9AA3-8D10D74BD0F0}.Release|ARM.Build.0 = Release|ARM
		{52DF30BC-81C9-49B3-9AA3-8D10D74BD0F0}.Release|ARM.Deploy.0 = Release|ARM
		{52DF30BC-81C9-49B3-9AA3-8D10D74BD0F0}.Release|iPhone.ActiveCfg = Release|x86
		{52DF30BC-81C9-49B3-9AA3-8D10D74BD0F0}.Release|iPhoneSimulator.ActiveCfg = Release|x86
		{52DF30BC-81C9-49B3-9AA3-8D10D74BD0F0}.Release|x64.ActiveCfg = Release|x64
		{52DF30BC-81C9-49B3-9AA3-8D10D74BD0F0}.Release|x64.Build.0 = Release|x64
		{52DF30BC-81C9-49B3-9AA3-8D10D74BD0F0}.Release|x64.Deploy.0 = Release|x64
		{52DF30BC-81C9-49B3-9AA3-8D10D74BD0F0}.Release|x86.ActiveCfg = Release|x86
		{52DF30BC-81C9-49B3-9AA3-8D10D74BD0F0}.Release|x86.Build.0 = Release|x86
		{52DF30BC-81C9-49B3-9AA3-8D10D74BD0F0}.Release|x86.Deploy.0 = Release|x86
		{E89AED06-A5E3-482E-885F-0BE692506C6E}.Ad-Hoc|Any CPU.ActiveCfg = Ad-Hoc|iPhone
		{E89AED06-A5E3-482E-885F-0BE692506C6E}.Ad-Hoc|ARM.ActiveCfg = Ad-Hoc|iPhone
		{E89AED06-A5E3-482E-885F-0BE692506C6E}.Ad-Hoc|iPhone.ActiveCfg = Ad-Hoc|iPhone
		{E89AED06-A5E3-482E-885F-0BE692506C6E}.Ad-Hoc|iPhone.Build.0 = Ad-Hoc|iPhone
		{E89AED06-A5E3-482E-885F-0BE692506C6E}.Ad-Hoc|iPhoneSimulator.ActiveCfg = Ad-Hoc|iPhoneSimulator
		{E89AED06-A5E3-482E-885F-0BE692506C6E}.Ad-Hoc|iPhoneSimulator.Build.0 = Ad-Hoc|iPhoneSimulator
		{E89AED06-A5E3-482E-885F-0BE692506C6E}.Ad-Hoc|x64.ActiveCfg = Ad-Hoc|iPhone
		{E89AED06-A5E3-482E-885F-0BE692506C6E}.Ad-Hoc|x86.ActiveCfg = Ad-Hoc|iPhone
		{E89AED06-A5E3-482E-885F-0BE692506C6E}.AppStore|Any CPU.ActiveCfg = AppStore|iPhone
		{E89AED06-A5E3-482E-885F-0BE692506C6E}.AppStore|ARM.ActiveCfg = AppStore|iPhone
		{E89AED06-A5E3-482E-885F-0BE692506C6E}.AppStore|iPhone.ActiveCfg = AppStore|iPhone
		{E89AED06-A5E3-482E-885F-0BE692506C6E}.AppStore|iPhone.Build.0 = AppStore|iPhone
		{E89AED06-A5E3-482E-885F-0BE692506C6E}.AppStore|iPhoneSimulator.ActiveCfg = AppStore|iPhoneSimulator
		{E89AED06-A5E3-482E-885F-0BE692506C6E}.AppStore|iPhoneSimulator.Build.0 = AppStore|iPhoneSimulator
		{E89AED06-A5E3-482E-885F-0BE692506C6E}.AppStore|x64.ActiveCfg = AppStore|iPhone
		{E89AED06-A5E3-482E-885F-0BE692506C6E}.AppStore|x86.ActiveCfg = AppStore|iPhone
		{E89AED06-A5E3-482E-885F-0BE692506C6E}.Debug|Any CPU.ActiveCfg = Debug|iPhone
		{E89AED06-A5E3-482E-885F-0BE692506C6E}.Debug|ARM.ActiveCfg = Debug|iPhone
		{E89AED06-A5E3-482E-885F-0BE692506C6E}.Debug|iPhone.ActiveCfg = Debug|iPhone
		{E89AED06-A5E3-482E-885F-0BE692506C6E}.Debug|iPhone.Build.0 = Debug|iPhone
		{E89AED06-A5E3-482E-885F-0BE692506C6E}.Debug|iPhoneSimulator.ActiveCfg = Debug|iPhoneSimulator
		{E89AED06-A5E3-482E-885F-0BE692506C6E}.Debug|iPhoneSimulator.Build.0 = Debug|iPhoneSimulator
		{E89AED06-A5E3-482E-885F-0BE692506C6E}.Debug|x64.ActiveCfg = Debug|iPhone
		{E89AED06-A5E3-482E-885F-0BE692506C6E}.Debug|x86.ActiveCfg = Debug|iPhone
		{E89AED06-A5E3-482E-885F-0BE692506C6E}.Release|Any CPU.ActiveCfg = Release|iPhone
		{E89AED06-A5E3-482E-885F-0BE692506C6E}.Release|ARM.ActiveCfg = Release|iPhone
		{E89AED06-A5E3-482E-885F-0BE692506C6E}.Release|iPhone.ActiveCfg = Release|iPhone
		{E89AED06-A5E3-482E-885F-0BE692506C6E}.Release|iPhone.Build.0 = Release|iPhone
		{E89AED06-A5E3-482E-885F-0BE692506C6E}.Release|iPhoneSimulator.ActiveCfg = Release|iPhoneSimulator
		{E89AED06-A5E3-482E-885F-0BE692506C6E}.Release|iPhoneSimulator.Build.0 = Release|iPhoneSimulator
		{E89AED06-A5E3-482E-885F-0BE692506C6E}.Release|x64.ActiveCfg = Release|iPhone
		{E89AED06-A5E3-482E-885F-0BE692506C6E}.Release|x86.ActiveCfg = Release|iPhone
		{2CF99A5C-70FB-4053-8EEC-725B32564218}.Ad-Hoc|Any CPU.ActiveCfg = Release|Any CPU
		{2CF99A5C-70FB-4053-8EEC-725B32564218}.Ad-Hoc|Any CPU.Build.0 = Release|Any CPU
		{2CF99A5C-70FB-4053-8EEC-725B32564218}.Ad-Hoc|Any CPU.Deploy.0 = Release|Any CPU
		{2CF99A5C-70FB-4053-8EEC-725B32564218}.Ad-Hoc|ARM.ActiveCfg = Release|Any CPU
		{2CF99A5C-70FB-4053-8EEC-725B32564218}.Ad-Hoc|ARM.Build.0 = Release|Any CPU
		{2CF99A5C-70FB-4053-8EEC-725B32564218}.Ad-Hoc|ARM.Deploy.0 = Release|Any CPU
		{2CF99A5C-70FB-4053-8EEC-725B32564218}.Ad-Hoc|iPhone.ActiveCfg = Release|Any CPU
		{2CF99A5C-70FB-4053-8EEC-725B32564218}.Ad-Hoc|iPhone.Build.0 = Release|Any CPU
		{2CF99A5C-70FB-4053-8EEC-725B32564218}.Ad-Hoc|iPhone.Deploy.0 = Release|Any CPU
		{2CF99A5C-70FB-4053-8EEC-725B32564218}.Ad-Hoc|iPhoneSimulator.ActiveCfg = Release|Any CPU
		{2CF99A5C-70FB-4053-8EEC-725B32564218}.Ad-Hoc|iPhoneSimulator.Build.0 = Release|Any CPU
		{2CF99A5C-70FB-4053-8EEC-725B32564218}.Ad-Hoc|iPhoneSimulator.Deploy.0 = Release|Any CPU
		{2CF99A5C-70FB-4053-8EEC-725B32564218}.Ad-Hoc|x64.ActiveCfg = Release|Any CPU
		{2CF99A5C-70FB-4053-8EEC-725B32564218}.Ad-Hoc|x64.Build.0 = Release|Any CPU
		{2CF99A5C-70FB-4053-8EEC-725B32564218}.Ad-Hoc|x64.Deploy.0 = Release|Any CPU
		{2CF99A5C-70FB-4053-8EEC-725B32564218}.Ad-Hoc|x86.ActiveCfg = Release|Any CPU
		{2CF99A5C-70FB-4053-8EEC-725B32564218}.Ad-Hoc|x86.Build.0 = Release|Any CPU
		{2CF99A5C-70FB-4053-8EEC-725B32564218}.Ad-Hoc|x86.Deploy.0 = Release|Any CPU
		{2CF99A5C-70FB-4053-8EEC-725B32564218}.AppStore|Any CPU.ActiveCfg = Release|Any CPU
		{2CF99A5C-70FB-4053-8EEC-725B32564218}.AppStore|Any CPU.Build.0 = Release|Any CPU
		{2CF99A5C-70FB-4053-8EEC-725B32564218}.AppStore|Any CPU.Deploy.0 = Release|Any CPU
		{2CF99A5C-70FB-4053-8EEC-725B32564218}.AppStore|ARM.ActiveCfg = Release|Any CPU
		{2CF99A5C-70FB-4053-8EEC-725B32564218}.AppStore|ARM.Build.0 = Release|Any CPU
		{2CF99A5C-70FB-4053-8EEC-725B32564218}.AppStore|ARM.Deploy.0 = Release|Any CPU
		{2CF99A5C-70FB-4053-8EEC-725B32564218}.AppStore|iPhone.ActiveCfg = Release|Any CPU
		{2CF99A5C-70FB-4053-8EEC-725B32564218}.AppStore|iPhone.Build.0 = Release|Any CPU
		{2CF99A5C-70FB-4053-8EEC-725B32564218}.AppStore|iPhone.Deploy.0 = Release|Any CPU
		{2CF99A5C-70FB-4053-8EEC-725B32564218}.AppStore|iPhoneSimulator.ActiveCfg = Release|Any CPU
		{2CF99A5C-70FB-4053-8EEC-725B32564218}.AppStore|iPhoneSimulator.Build.0 = Release|Any CPU
		{2CF99A5C-70FB-4053-8EEC-725B32564218}.AppStore|iPhoneSimulator.Deploy.0 = Release|Any CPU
		{2CF99A5C-70FB-4053-8EEC-725B32564218}.AppStore|x64.ActiveCfg = Release|Any CPU
		{2CF99A5C-70FB-4053-8EEC-725B32564218}.AppStore|x64.Build.0 = Release|Any CPU
		{2CF99A5C-70FB-4053-8EEC-725B32564218}.AppStore|x64.Deploy.0 = Release|Any CPU
		{2CF99A5C-70FB-4053-8EEC-725B32564218}.AppStore|x86.ActiveCfg = Release|Any CPU
		{2CF99A5C-70FB-4053-8EEC-725B32564218}.AppStore|x86.Build.0 = Release|Any CPU
		{2CF99A5C-70FB-4053-8EEC-725B32564218}.AppStore|x86.Deploy.0 = Release|Any CPU
		{2CF99A5C-70FB-4053-8EEC-725B32564218}.Debug|Any CPU.ActiveCfg = Debug|Any CPU
		{2CF99A5C-70FB-4053-8EEC-725B32564218}.Debug|Any CPU.Build.0 = Debug|Any CPU
		{2CF99A5C-70FB-4053-8EEC-725B32564218}.Debug|Any CPU.Deploy.0 = Debug|Any CPU
		{2CF99A5C-70FB-4053-8EEC-725B32564218}.Debug|ARM.ActiveCfg = Debug|Any CPU
		{2CF99A5C-70FB-4053-8EEC-725B32564218}.Debug|ARM.Build.0 = Debug|Any CPU
		{2CF99A5C-70FB-4053-8EEC-725B32564218}.Debug|ARM.Deploy.0 = Debug|Any CPU
		{2CF99A5C-70FB-4053-8EEC-725B32564218}.Debug|iPhone.ActiveCfg = Debug|Any CPU
		{2CF99A5C-70FB-4053-8EEC-725B32564218}.Debug|iPhone.Build.0 = Debug|Any CPU
		{2CF99A5C-70FB-4053-8EEC-725B32564218}.Debug|iPhone.Deploy.0 = Debug|Any CPU
		{2CF99A5C-70FB-4053-8EEC-725B32564218}.Debug|iPhoneSimulator.ActiveCfg = Debug|Any CPU
		{2CF99A5C-70FB-4053-8EEC-725B32564218}.Debug|iPhoneSimulator.Build.0 = Debug|Any CPU
		{2CF99A5C-70FB-4053-8EEC-725B32564218}.Debug|iPhoneSimulator.Deploy.0 = Debug|Any CPU
		{2CF99A5C-70FB-4053-8EEC-725B32564218}.Debug|x64.ActiveCfg = Debug|Any CPU
		{2CF99A5C-70FB-4053-8EEC-725B32564218}.Debug|x64.Build.0 = Debug|Any CPU
		{2CF99A5C-70FB-4053-8EEC-725B32564218}.Debug|x64.Deploy.0 = Debug|Any CPU
		{2CF99A5C-70FB-4053-8EEC-725B32564218}.Debug|x86.ActiveCfg = Debug|Any CPU
		{2CF99A5C-70FB-4053-8EEC-725B32564218}.Debug|x86.Build.0 = Debug|Any CPU
		{2CF99A5C-70FB-4053-8EEC-725B32564218}.Debug|x86.Deploy.0 = Debug|Any CPU
		{2CF99A5C-70FB-4053-8EEC-725B32564218}.Release|Any CPU.ActiveCfg = Release|Any CPU
		{2CF99A5C-70FB-4053-8EEC-725B32564218}.Release|Any CPU.Build.0 = Release|Any CPU
		{2CF99A5C-70FB-4053-8EEC-725B32564218}.Release|Any CPU.Deploy.0 = Release|Any CPU
		{2CF99A5C-70FB-4053-8EEC-725B32564218}.Release|ARM.ActiveCfg = Release|Any CPU
		{2CF99A5C-70FB-4053-8EEC-725B32564218}.Release|ARM.Build.0 = Release|Any CPU
		{2CF99A5C-70FB-4053-8EEC-725B32564218}.Release|ARM.Deploy.0 = Release|Any CPU
		{2CF99A5C-70FB-4053-8EEC-725B32564218}.Release|iPhone.ActiveCfg = Release|Any CPU
		{2CF99A5C-70FB-4053-8EEC-725B32564218}.Release|iPhone.Build.0 = Release|Any CPU
		{2CF99A5C-70FB-4053-8EEC-725B32564218}.Release|iPhone.Deploy.0 = Release|Any CPU
		{2CF99A5C-70FB-4053-8EEC-725B32564218}.Release|iPhoneSimulator.ActiveCfg = Release|Any CPU
		{2CF99A5C-70FB-4053-8EEC-725B32564218}.Release|iPhoneSimulator.Build.0 = Release|Any CPU
		{2CF99A5C-70FB-4053-8EEC-725B32564218}.Release|iPhoneSimulator.Deploy.0 = Release|Any CPU
		{2CF99A5C-70FB-4053-8EEC-725B32564218}.Release|x64.ActiveCfg = Release|Any CPU
		{2CF99A5C-70FB-4053-8EEC-725B32564218}.Release|x64.Build.0 = Release|Any CPU
		{2CF99A5C-70FB-4053-8EEC-725B32564218}.Release|x64.Deploy.0 = Release|Any CPU
		{2CF99A5C-70FB-4053-8EEC-725B32564218}.Release|x86.ActiveCfg = Release|Any CPU
		{2CF99A5C-70FB-4053-8EEC-725B32564218}.Release|x86.Build.0 = Release|Any CPU
		{2CF99A5C-70FB-4053-8EEC-725B32564218}.Release|x86.Deploy.0 = Release|Any CPU
		{795F1A59-5F79-4670-97C1-D7C84049AE49}.Ad-Hoc|Any CPU.ActiveCfg = Release|Any CPU
		{795F1A59-5F79-4670-97C1-D7C84049AE49}.Ad-Hoc|Any CPU.Build.0 = Release|Any CPU
		{795F1A59-5F79-4670-97C1-D7C84049AE49}.Ad-Hoc|ARM.ActiveCfg = Release|Any CPU
		{795F1A59-5F79-4670-97C1-D7C84049AE49}.Ad-Hoc|ARM.Build.0 = Release|Any CPU
		{795F1A59-5F79-4670-97C1-D7C84049AE49}.Ad-Hoc|iPhone.ActiveCfg = Release|Any CPU
		{795F1A59-5F79-4670-97C1-D7C84049AE49}.Ad-Hoc|iPhone.Build.0 = Release|Any CPU
		{795F1A59-5F79-4670-97C1-D7C84049AE49}.Ad-Hoc|iPhoneSimulator.ActiveCfg = Release|Any CPU
		{795F1A59-5F79-4670-97C1-D7C84049AE49}.Ad-Hoc|iPhoneSimulator.Build.0 = Release|Any CPU
		{795F1A59-5F79-4670-97C1-D7C84049AE49}.Ad-Hoc|x64.ActiveCfg = Release|Any CPU
		{795F1A59-5F79-4670-97C1-D7C84049AE49}.Ad-Hoc|x64.Build.0 = Release|Any CPU
		{795F1A59-5F79-4670-97C1-D7C84049AE49}.Ad-Hoc|x86.ActiveCfg = Release|Any CPU
		{795F1A59-5F79-4670-97C1-D7C84049AE49}.Ad-Hoc|x86.Build.0 = Release|Any CPU
		{795F1A59-5F79-4670-97C1-D7C84049AE49}.AppStore|Any CPU.ActiveCfg = Release|Any CPU
		{795F1A59-5F79-4670-97C1-D7C84049AE49}.AppStore|Any CPU.Build.0 = Release|Any CPU
		{795F1A59-5F79-4670-97C1-D7C84049AE49}.AppStore|ARM.ActiveCfg = Release|Any CPU
		{795F1A59-5F79-4670-97C1-D7C84049AE49}.AppStore|ARM.Build.0 = Release|Any CPU
		{795F1A59-5F79-4670-97C1-D7C84049AE49}.AppStore|iPhone.ActiveCfg = Release|Any CPU
		{795F1A59-5F79-4670-97C1-D7C84049AE49}.AppStore|iPhone.Build.0 = Release|Any CPU
		{795F1A59-5F79-4670-97C1-D7C84049AE49}.AppStore|iPhoneSimulator.ActiveCfg = Release|Any CPU
		{795F1A59-5F79-4670-97C1-D7C84049AE49}.AppStore|iPhoneSimulator.Build.0 = Release|Any CPU
		{795F1A59-5F79-4670-97C1-D7C84049AE49}.AppStore|x64.ActiveCfg = Release|Any CPU
		{795F1A59-5F79-4670-97C1-D7C84049AE49}.AppStore|x64.Build.0 = Release|Any CPU
		{795F1A59-5F79-4670-97C1-D7C84049AE49}.AppStore|x86.ActiveCfg = Release|Any CPU
		{795F1A59-5F79-4670-97C1-D7C84049AE49}.AppStore|x86.Build.0 = Release|Any CPU
		{795F1A59-5F79-4670-97C1-D7C84049AE49}.Debug|Any CPU.ActiveCfg = Debug|Any CPU
		{795F1A59-5F79-4670-97C1-D7C84049AE49}.Debug|Any CPU.Build.0 = Debug|Any CPU
		{795F1A59-5F79-4670-97C1-D7C84049AE49}.Debug|ARM.ActiveCfg = Debug|Any CPU
		{795F1A59-5F79-4670-97C1-D7C84049AE49}.Debug|ARM.Build.0 = Debug|Any CPU
		{795F1A59-5F79-4670-97C1-D7C84049AE49}.Debug|iPhone.ActiveCfg = Debug|Any CPU
		{795F1A59-5F79-4670-97C1-D7C84049AE49}.Debug|iPhone.Build.0 = Debug|Any CPU
		{795F1A59-5F79-4670-97C1-D7C84049AE49}.Debug|iPhoneSimulator.ActiveCfg = Debug|Any CPU
		{795F1A59-5F79-4670-97C1-D7C84049AE49}.Debug|iPhoneSimulator.Build.0 = Debug|Any CPU
		{795F1A59-5F79-4670-97C1-D7C84049AE49}.Debug|x64.ActiveCfg = Debug|Any CPU
		{795F1A59-5F79-4670-97C1-D7C84049AE49}.Debug|x64.Build.0 = Debug|Any CPU
		{795F1A59-5F79-4670-97C1-D7C84049AE49}.Debug|x86.ActiveCfg = Debug|Any CPU
		{795F1A59-5F79-4670-97C1-D7C84049AE49}.Debug|x86.Build.0 = Debug|Any CPU
		{795F1A59-5F79-4670-97C1-D7C84049AE49}.Release|Any CPU.ActiveCfg = Release|Any CPU
		{795F1A59-5F79-4670-97C1-D7C84049AE49}.Release|Any CPU.Build.0 = Release|Any CPU
		{795F1A59-5F79-4670-97C1-D7C84049AE49}.Release|ARM.ActiveCfg = Release|Any CPU
		{795F1A59-5F79-4670-97C1-D7C84049AE49}.Release|ARM.Build.0 = Release|Any CPU
		{795F1A59-5F79-4670-97C1-D7C84049AE49}.Release|iPhone.ActiveCfg = Release|Any CPU
		{795F1A59-5F79-4670-97C1-D7C84049AE49}.Release|iPhone.Build.0 = Release|Any CPU
		{795F1A59-5F79-4670-97C1-D7C84049AE49}.Release|iPhoneSimulator.ActiveCfg = Release|Any CPU
		{795F1A59-5F79-4670-97C1-D7C84049AE49}.Release|iPhoneSimulator.Build.0 = Release|Any CPU
		{795F1A59-5F79-4670-97C1-D7C84049AE49}.Release|x64.ActiveCfg = Release|Any CPU
		{795F1A59-5F79-4670-97C1-D7C84049AE49}.Release|x64.Build.0 = Release|Any CPU
		{795F1A59-5F79-4670-97C1-D7C84049AE49}.Release|x86.ActiveCfg = Release|Any CPU
		{795F1A59-5F79-4670-97C1-D7C84049AE49}.Release|x86.Build.0 = Release|Any CPU
		{5DC135AC-0293-4578-B40D-DDB0F320AD5F}.Ad-Hoc|Any CPU.ActiveCfg = Release|x86
		{5DC135AC-0293-4578-B40D-DDB0F320AD5F}.Ad-Hoc|Any CPU.Build.0 = Release|x86
		{5DC135AC-0293-4578-B40D-DDB0F320AD5F}.Ad-Hoc|Any CPU.Deploy.0 = Release|x86
		{5DC135AC-0293-4578-B40D-DDB0F320AD5F}.Ad-Hoc|ARM.ActiveCfg = Release|ARM
		{5DC135AC-0293-4578-B40D-DDB0F320AD5F}.Ad-Hoc|ARM.Build.0 = Release|ARM
		{5DC135AC-0293-4578-B40D-DDB0F320AD5F}.Ad-Hoc|ARM.Deploy.0 = Release|ARM
		{5DC135AC-0293-4578-B40D-DDB0F320AD5F}.Ad-Hoc|iPhone.ActiveCfg = Release|x86
		{5DC135AC-0293-4578-B40D-DDB0F320AD5F}.Ad-Hoc|iPhone.Build.0 = Release|x86
		{5DC135AC-0293-4578-B40D-DDB0F320AD5F}.Ad-Hoc|iPhone.Deploy.0 = Release|x86
		{5DC135AC-0293-4578-B40D-DDB0F320AD5F}.Ad-Hoc|iPhoneSimulator.ActiveCfg = Release|x86
		{5DC135AC-0293-4578-B40D-DDB0F320AD5F}.Ad-Hoc|iPhoneSimulator.Build.0 = Release|x86
		{5DC135AC-0293-4578-B40D-DDB0F320AD5F}.Ad-Hoc|iPhoneSimulator.Deploy.0 = Release|x86
		{5DC135AC-0293-4578-B40D-DDB0F320AD5F}.Ad-Hoc|x64.ActiveCfg = Release|x64
		{5DC135AC-0293-4578-B40D-DDB0F320AD5F}.Ad-Hoc|x64.Build.0 = Release|x64
		{5DC135AC-0293-4578-B40D-DDB0F320AD5F}.Ad-Hoc|x64.Deploy.0 = Release|x64
		{5DC135AC-0293-4578-B40D-DDB0F320AD5F}.Ad-Hoc|x86.ActiveCfg = Release|x86
		{5DC135AC-0293-4578-B40D-DDB0F320AD5F}.Ad-Hoc|x86.Build.0 = Release|x86
		{5DC135AC-0293-4578-B40D-DDB0F320AD5F}.Ad-Hoc|x86.Deploy.0 = Release|x86
		{5DC135AC-0293-4578-B40D-DDB0F320AD5F}.AppStore|Any CPU.ActiveCfg = Release|x86
		{5DC135AC-0293-4578-B40D-DDB0F320AD5F}.AppStore|Any CPU.Build.0 = Release|x86
		{5DC135AC-0293-4578-B40D-DDB0F320AD5F}.AppStore|Any CPU.Deploy.0 = Release|x86
		{5DC135AC-0293-4578-B40D-DDB0F320AD5F}.AppStore|ARM.ActiveCfg = Release|ARM
		{5DC135AC-0293-4578-B40D-DDB0F320AD5F}.AppStore|ARM.Build.0 = Release|ARM
		{5DC135AC-0293-4578-B40D-DDB0F320AD5F}.AppStore|ARM.Deploy.0 = Release|ARM
		{5DC135AC-0293-4578-B40D-DDB0F320AD5F}.AppStore|iPhone.ActiveCfg = Release|x86
		{5DC135AC-0293-4578-B40D-DDB0F320AD5F}.AppStore|iPhone.Build.0 = Release|x86
		{5DC135AC-0293-4578-B40D-DDB0F320AD5F}.AppStore|iPhone.Deploy.0 = Release|x86
		{5DC135AC-0293-4578-B40D-DDB0F320AD5F}.AppStore|iPhoneSimulator.ActiveCfg = Release|x86
		{5DC135AC-0293-4578-B40D-DDB0F320AD5F}.AppStore|iPhoneSimulator.Build.0 = Release|x86
		{5DC135AC-0293-4578-B40D-DDB0F320AD5F}.AppStore|iPhoneSimulator.Deploy.0 = Release|x86
		{5DC135AC-0293-4578-B40D-DDB0F320AD5F}.AppStore|x64.ActiveCfg = Release|x64
		{5DC135AC-0293-4578-B40D-DDB0F320AD5F}.AppStore|x64.Build.0 = Release|x64
		{5DC135AC-0293-4578-B40D-DDB0F320AD5F}.AppStore|x64.Deploy.0 = Release|x64
		{5DC135AC-0293-4578-B40D-DDB0F320AD5F}.AppStore|x86.ActiveCfg = Release|x86
		{5DC135AC-0293-4578-B40D-DDB0F320AD5F}.AppStore|x86.Build.0 = Release|x86
		{5DC135AC-0293-4578-B40D-DDB0F320AD5F}.AppStore|x86.Deploy.0 = Release|x86
		{5DC135AC-0293-4578-B40D-DDB0F320AD5F}.Debug|Any CPU.ActiveCfg = Debug|x86
		{5DC135AC-0293-4578-B40D-DDB0F320AD5F}.Debug|ARM.ActiveCfg = Debug|ARM
		{5DC135AC-0293-4578-B40D-DDB0F320AD5F}.Debug|ARM.Build.0 = Debug|ARM
		{5DC135AC-0293-4578-B40D-DDB0F320AD5F}.Debug|ARM.Deploy.0 = Debug|ARM
		{5DC135AC-0293-4578-B40D-DDB0F320AD5F}.Debug|iPhone.ActiveCfg = Debug|x86
		{5DC135AC-0293-4578-B40D-DDB0F320AD5F}.Debug|iPhoneSimulator.ActiveCfg = Debug|x86
		{5DC135AC-0293-4578-B40D-DDB0F320AD5F}.Debug|x64.ActiveCfg = Debug|x64
		{5DC135AC-0293-4578-B40D-DDB0F320AD5F}.Debug|x64.Build.0 = Debug|x64
		{5DC135AC-0293-4578-B40D-DDB0F320AD5F}.Debug|x64.Deploy.0 = Debug|x64
		{5DC135AC-0293-4578-B40D-DDB0F320AD5F}.Debug|x86.ActiveCfg = Debug|x86
		{5DC135AC-0293-4578-B40D-DDB0F320AD5F}.Debug|x86.Build.0 = Debug|x86
		{5DC135AC-0293-4578-B40D-DDB0F320AD5F}.Debug|x86.Deploy.0 = Debug|x86
		{5DC135AC-0293-4578-B40D-DDB0F320AD5F}.Release|Any CPU.ActiveCfg = Release|x86
		{5DC135AC-0293-4578-B40D-DDB0F320AD5F}.Release|ARM.ActiveCfg = Release|ARM
		{5DC135AC-0293-4578-B40D-DDB0F320AD5F}.Release|ARM.Build.0 = Release|ARM
		{5DC135AC-0293-4578-B40D-DDB0F320AD5F}.Release|ARM.Deploy.0 = Release|ARM
		{5DC135AC-0293-4578-B40D-DDB0F320AD5F}.Release|iPhone.ActiveCfg = Release|x86
		{5DC135AC-0293-4578-B40D-DDB0F320AD5F}.Release|iPhoneSimulator.ActiveCfg = Release|x86
		{5DC135AC-0293-4578-B40D-DDB0F320AD5F}.Release|x64.ActiveCfg = Release|x64
		{5DC135AC-0293-4578-B40D-DDB0F320AD5F}.Release|x64.Build.0 = Release|x64
		{5DC135AC-0293-4578-B40D-DDB0F320AD5F}.Release|x64.Deploy.0 = Release|x64
		{5DC135AC-0293-4578-B40D-DDB0F320AD5F}.Release|x86.ActiveCfg = Release|x86
		{5DC135AC-0293-4578-B40D-DDB0F320AD5F}.Release|x86.Build.0 = Release|x86
		{5DC135AC-0293-4578-B40D-DDB0F320AD5F}.Release|x86.Deploy.0 = Release|x86
		{1DDE57CB-616A-40AA-8B6F-2325070C278F}.Ad-Hoc|Any CPU.ActiveCfg = Ad-Hoc|iPhone
		{1DDE57CB-616A-40AA-8B6F-2325070C278F}.Ad-Hoc|ARM.ActiveCfg = Ad-Hoc|iPhone
		{1DDE57CB-616A-40AA-8B6F-2325070C278F}.Ad-Hoc|iPhone.ActiveCfg = Ad-Hoc|iPhone
		{1DDE57CB-616A-40AA-8B6F-2325070C278F}.Ad-Hoc|iPhone.Build.0 = Ad-Hoc|iPhone
		{1DDE57CB-616A-40AA-8B6F-2325070C278F}.Ad-Hoc|iPhoneSimulator.ActiveCfg = Ad-Hoc|iPhoneSimulator
		{1DDE57CB-616A-40AA-8B6F-2325070C278F}.Ad-Hoc|iPhoneSimulator.Build.0 = Ad-Hoc|iPhoneSimulator
		{1DDE57CB-616A-40AA-8B6F-2325070C278F}.Ad-Hoc|x64.ActiveCfg = Ad-Hoc|iPhone
		{1DDE57CB-616A-40AA-8B6F-2325070C278F}.Ad-Hoc|x86.ActiveCfg = Ad-Hoc|iPhone
		{1DDE57CB-616A-40AA-8B6F-2325070C278F}.AppStore|Any CPU.ActiveCfg = AppStore|iPhone
		{1DDE57CB-616A-40AA-8B6F-2325070C278F}.AppStore|ARM.ActiveCfg = AppStore|iPhone
		{1DDE57CB-616A-40AA-8B6F-2325070C278F}.AppStore|iPhone.ActiveCfg = AppStore|iPhone
		{1DDE57CB-616A-40AA-8B6F-2325070C278F}.AppStore|iPhone.Build.0 = AppStore|iPhone
		{1DDE57CB-616A-40AA-8B6F-2325070C278F}.AppStore|iPhoneSimulator.ActiveCfg = AppStore|iPhoneSimulator
		{1DDE57CB-616A-40AA-8B6F-2325070C278F}.AppStore|iPhoneSimulator.Build.0 = AppStore|iPhoneSimulator
		{1DDE57CB-616A-40AA-8B6F-2325070C278F}.AppStore|x64.ActiveCfg = AppStore|iPhone
		{1DDE57CB-616A-40AA-8B6F-2325070C278F}.AppStore|x86.ActiveCfg = AppStore|iPhone
		{1DDE57CB-616A-40AA-8B6F-2325070C278F}.Debug|Any CPU.ActiveCfg = Debug|iPhone
		{1DDE57CB-616A-40AA-8B6F-2325070C278F}.Debug|ARM.ActiveCfg = Debug|iPhone
		{1DDE57CB-616A-40AA-8B6F-2325070C278F}.Debug|iPhone.ActiveCfg = Debug|iPhone
		{1DDE57CB-616A-40AA-8B6F-2325070C278F}.Debug|iPhone.Build.0 = Debug|iPhone
		{1DDE57CB-616A-40AA-8B6F-2325070C278F}.Debug|iPhoneSimulator.ActiveCfg = Debug|iPhoneSimulator
		{1DDE57CB-616A-40AA-8B6F-2325070C278F}.Debug|iPhoneSimulator.Build.0 = Debug|iPhoneSimulator
		{1DDE57CB-616A-40AA-8B6F-2325070C278F}.Debug|x64.ActiveCfg = Debug|iPhone
		{1DDE57CB-616A-40AA-8B6F-2325070C278F}.Debug|x86.ActiveCfg = Debug|iPhone
		{1DDE57CB-616A-40AA-8B6F-2325070C278F}.Release|Any CPU.ActiveCfg = Release|iPhone
		{1DDE57CB-616A-40AA-8B6F-2325070C278F}.Release|ARM.ActiveCfg = Release|iPhone
		{1DDE57CB-616A-40AA-8B6F-2325070C278F}.Release|iPhone.ActiveCfg = Release|iPhone
		{1DDE57CB-616A-40AA-8B6F-2325070C278F}.Release|iPhone.Build.0 = Release|iPhone
		{1DDE57CB-616A-40AA-8B6F-2325070C278F}.Release|iPhoneSimulator.ActiveCfg = Release|iPhoneSimulator
		{1DDE57CB-616A-40AA-8B6F-2325070C278F}.Release|iPhoneSimulator.Build.0 = Release|iPhoneSimulator
		{1DDE57CB-616A-40AA-8B6F-2325070C278F}.Release|x64.ActiveCfg = Release|iPhone
		{1DDE57CB-616A-40AA-8B6F-2325070C278F}.Release|x86.ActiveCfg = Release|iPhone
		{0DB69F8F-F220-438B-9BB7-9743DF757C7C}.Ad-Hoc|Any CPU.ActiveCfg = Release|Any CPU
		{0DB69F8F-F220-438B-9BB7-9743DF757C7C}.Ad-Hoc|Any CPU.Build.0 = Release|Any CPU
		{0DB69F8F-F220-438B-9BB7-9743DF757C7C}.Ad-Hoc|Any CPU.Deploy.0 = Release|Any CPU
		{0DB69F8F-F220-438B-9BB7-9743DF757C7C}.Ad-Hoc|ARM.ActiveCfg = Release|Any CPU
		{0DB69F8F-F220-438B-9BB7-9743DF757C7C}.Ad-Hoc|ARM.Build.0 = Release|Any CPU
		{0DB69F8F-F220-438B-9BB7-9743DF757C7C}.Ad-Hoc|ARM.Deploy.0 = Release|Any CPU
		{0DB69F8F-F220-438B-9BB7-9743DF757C7C}.Ad-Hoc|iPhone.ActiveCfg = Release|Any CPU
		{0DB69F8F-F220-438B-9BB7-9743DF757C7C}.Ad-Hoc|iPhone.Build.0 = Release|Any CPU
		{0DB69F8F-F220-438B-9BB7-9743DF757C7C}.Ad-Hoc|iPhone.Deploy.0 = Release|Any CPU
		{0DB69F8F-F220-438B-9BB7-9743DF757C7C}.Ad-Hoc|iPhoneSimulator.ActiveCfg = Release|Any CPU
		{0DB69F8F-F220-438B-9BB7-9743DF757C7C}.Ad-Hoc|iPhoneSimulator.Build.0 = Release|Any CPU
		{0DB69F8F-F220-438B-9BB7-9743DF757C7C}.Ad-Hoc|iPhoneSimulator.Deploy.0 = Release|Any CPU
		{0DB69F8F-F220-438B-9BB7-9743DF757C7C}.Ad-Hoc|x64.ActiveCfg = Release|Any CPU
		{0DB69F8F-F220-438B-9BB7-9743DF757C7C}.Ad-Hoc|x64.Build.0 = Release|Any CPU
		{0DB69F8F-F220-438B-9BB7-9743DF757C7C}.Ad-Hoc|x64.Deploy.0 = Release|Any CPU
		{0DB69F8F-F220-438B-9BB7-9743DF757C7C}.Ad-Hoc|x86.ActiveCfg = Release|Any CPU
		{0DB69F8F-F220-438B-9BB7-9743DF757C7C}.Ad-Hoc|x86.Build.0 = Release|Any CPU
		{0DB69F8F-F220-438B-9BB7-9743DF757C7C}.Ad-Hoc|x86.Deploy.0 = Release|Any CPU
		{0DB69F8F-F220-438B-9BB7-9743DF757C7C}.AppStore|Any CPU.ActiveCfg = Release|Any CPU
		{0DB69F8F-F220-438B-9BB7-9743DF757C7C}.AppStore|Any CPU.Build.0 = Release|Any CPU
		{0DB69F8F-F220-438B-9BB7-9743DF757C7C}.AppStore|Any CPU.Deploy.0 = Release|Any CPU
		{0DB69F8F-F220-438B-9BB7-9743DF757C7C}.AppStore|ARM.ActiveCfg = Release|Any CPU
		{0DB69F8F-F220-438B-9BB7-9743DF757C7C}.AppStore|ARM.Build.0 = Release|Any CPU
		{0DB69F8F-F220-438B-9BB7-9743DF757C7C}.AppStore|ARM.Deploy.0 = Release|Any CPU
		{0DB69F8F-F220-438B-9BB7-9743DF757C7C}.AppStore|iPhone.ActiveCfg = Release|Any CPU
		{0DB69F8F-F220-438B-9BB7-9743DF757C7C}.AppStore|iPhone.Build.0 = Release|Any CPU
		{0DB69F8F-F220-438B-9BB7-9743DF757C7C}.AppStore|iPhone.Deploy.0 = Release|Any CPU
		{0DB69F8F-F220-438B-9BB7-9743DF757C7C}.AppStore|iPhoneSimulator.ActiveCfg = Release|Any CPU
		{0DB69F8F-F220-438B-9BB7-9743DF757C7C}.AppStore|iPhoneSimulator.Build.0 = Release|Any CPU
		{0DB69F8F-F220-438B-9BB7-9743DF757C7C}.AppStore|iPhoneSimulator.Deploy.0 = Release|Any CPU
		{0DB69F8F-F220-438B-9BB7-9743DF757C7C}.AppStore|x64.ActiveCfg = Release|Any CPU
		{0DB69F8F-F220-438B-9BB7-9743DF757C7C}.AppStore|x64.Build.0 = Release|Any CPU
		{0DB69F8F-F220-438B-9BB7-9743DF757C7C}.AppStore|x64.Deploy.0 = Release|Any CPU
		{0DB69F8F-F220-438B-9BB7-9743DF757C7C}.AppStore|x86.ActiveCfg = Release|Any CPU
		{0DB69F8F-F220-438B-9BB7-9743DF757C7C}.AppStore|x86.Build.0 = Release|Any CPU
		{0DB69F8F-F220-438B-9BB7-9743DF757C7C}.AppStore|x86.Deploy.0 = Release|Any CPU
		{0DB69F8F-F220-438B-9BB7-9743DF757C7C}.Debug|Any CPU.ActiveCfg = Debug|Any CPU
		{0DB69F8F-F220-438B-9BB7-9743DF757C7C}.Debug|Any CPU.Build.0 = Debug|Any CPU
		{0DB69F8F-F220-438B-9BB7-9743DF757C7C}.Debug|Any CPU.Deploy.0 = Debug|Any CPU
		{0DB69F8F-F220-438B-9BB7-9743DF757C7C}.Debug|ARM.ActiveCfg = Debug|Any CPU
		{0DB69F8F-F220-438B-9BB7-9743DF757C7C}.Debug|ARM.Build.0 = Debug|Any CPU
		{0DB69F8F-F220-438B-9BB7-9743DF757C7C}.Debug|ARM.Deploy.0 = Debug|Any CPU
		{0DB69F8F-F220-438B-9BB7-9743DF757C7C}.Debug|iPhone.ActiveCfg = Debug|Any CPU
		{0DB69F8F-F220-438B-9BB7-9743DF757C7C}.Debug|iPhone.Build.0 = Debug|Any CPU
		{0DB69F8F-F220-438B-9BB7-9743DF757C7C}.Debug|iPhone.Deploy.0 = Debug|Any CPU
		{0DB69F8F-F220-438B-9BB7-9743DF757C7C}.Debug|iPhoneSimulator.ActiveCfg = Debug|Any CPU
		{0DB69F8F-F220-438B-9BB7-9743DF757C7C}.Debug|iPhoneSimulator.Build.0 = Debug|Any CPU
		{0DB69F8F-F220-438B-9BB7-9743DF757C7C}.Debug|iPhoneSimulator.Deploy.0 = Debug|Any CPU
		{0DB69F8F-F220-438B-9BB7-9743DF757C7C}.Debug|x64.ActiveCfg = Debug|Any CPU
		{0DB69F8F-F220-438B-9BB7-9743DF757C7C}.Debug|x64.Build.0 = Debug|Any CPU
		{0DB69F8F-F220-438B-9BB7-9743DF757C7C}.Debug|x64.Deploy.0 = Debug|Any CPU
		{0DB69F8F-F220-438B-9BB7-9743DF757C7C}.Debug|x86.ActiveCfg = Debug|Any CPU
		{0DB69F8F-F220-438B-9BB7-9743DF757C7C}.Debug|x86.Build.0 = Debug|Any CPU
		{0DB69F8F-F220-438B-9BB7-9743DF757C7C}.Debug|x86.Deploy.0 = Debug|Any CPU
		{0DB69F8F-F220-438B-9BB7-9743DF757C7C}.Release|Any CPU.ActiveCfg = Release|Any CPU
		{0DB69F8F-F220-438B-9BB7-9743DF757C7C}.Release|Any CPU.Build.0 = Release|Any CPU
		{0DB69F8F-F220-438B-9BB7-9743DF757C7C}.Release|Any CPU.Deploy.0 = Release|Any CPU
		{0DB69F8F-F220-438B-9BB7-9743DF757C7C}.Release|ARM.ActiveCfg = Release|Any CPU
		{0DB69F8F-F220-438B-9BB7-9743DF757C7C}.Release|ARM.Build.0 = Release|Any CPU
		{0DB69F8F-F220-438B-9BB7-9743DF757C7C}.Release|ARM.Deploy.0 = Release|Any CPU
		{0DB69F8F-F220-438B-9BB7-9743DF757C7C}.Release|iPhone.ActiveCfg = Release|Any CPU
		{0DB69F8F-F220-438B-9BB7-9743DF757C7C}.Release|iPhone.Build.0 = Release|Any CPU
		{0DB69F8F-F220-438B-9BB7-9743DF757C7C}.Release|iPhone.Deploy.0 = Release|Any CPU
		{0DB69F8F-F220-438B-9BB7-9743DF757C7C}.Release|iPhoneSimulator.ActiveCfg = Release|Any CPU
		{0DB69F8F-F220-438B-9BB7-9743DF757C7C}.Release|iPhoneSimulator.Build.0 = Release|Any CPU
		{0DB69F8F-F220-438B-9BB7-9743DF757C7C}.Release|iPhoneSimulator.Deploy.0 = Release|Any CPU
		{0DB69F8F-F220-438B-9BB7-9743DF757C7C}.Release|x64.ActiveCfg = Release|Any CPU
		{0DB69F8F-F220-438B-9BB7-9743DF757C7C}.Release|x64.Build.0 = Release|Any CPU
		{0DB69F8F-F220-438B-9BB7-9743DF757C7C}.Release|x64.Deploy.0 = Release|Any CPU
		{0DB69F8F-F220-438B-9BB7-9743DF757C7C}.Release|x86.ActiveCfg = Release|Any CPU
		{0DB69F8F-F220-438B-9BB7-9743DF757C7C}.Release|x86.Build.0 = Release|Any CPU
		{0DB69F8F-F220-438B-9BB7-9743DF757C7C}.Release|x86.Deploy.0 = Release|Any CPU
		{CDE0FA43-3505-47FA-8EDC-5799F363B67C}.Ad-Hoc|Any CPU.ActiveCfg = Release|Any CPU
		{CDE0FA43-3505-47FA-8EDC-5799F363B67C}.Ad-Hoc|Any CPU.Build.0 = Release|Any CPU
		{CDE0FA43-3505-47FA-8EDC-5799F363B67C}.Ad-Hoc|ARM.ActiveCfg = Release|Any CPU
		{CDE0FA43-3505-47FA-8EDC-5799F363B67C}.Ad-Hoc|ARM.Build.0 = Release|Any CPU
		{CDE0FA43-3505-47FA-8EDC-5799F363B67C}.Ad-Hoc|iPhone.ActiveCfg = Release|Any CPU
		{CDE0FA43-3505-47FA-8EDC-5799F363B67C}.Ad-Hoc|iPhone.Build.0 = Release|Any CPU
		{CDE0FA43-3505-47FA-8EDC-5799F363B67C}.Ad-Hoc|iPhoneSimulator.ActiveCfg = Release|Any CPU
		{CDE0FA43-3505-47FA-8EDC-5799F363B67C}.Ad-Hoc|iPhoneSimulator.Build.0 = Release|Any CPU
		{CDE0FA43-3505-47FA-8EDC-5799F363B67C}.Ad-Hoc|x64.ActiveCfg = Release|Any CPU
		{CDE0FA43-3505-47FA-8EDC-5799F363B67C}.Ad-Hoc|x64.Build.0 = Release|Any CPU
		{CDE0FA43-3505-47FA-8EDC-5799F363B67C}.Ad-Hoc|x86.ActiveCfg = Release|Any CPU
		{CDE0FA43-3505-47FA-8EDC-5799F363B67C}.Ad-Hoc|x86.Build.0 = Release|Any CPU
		{CDE0FA43-3505-47FA-8EDC-5799F363B67C}.AppStore|Any CPU.ActiveCfg = Release|Any CPU
		{CDE0FA43-3505-47FA-8EDC-5799F363B67C}.AppStore|Any CPU.Build.0 = Release|Any CPU
		{CDE0FA43-3505-47FA-8EDC-5799F363B67C}.AppStore|ARM.ActiveCfg = Release|Any CPU
		{CDE0FA43-3505-47FA-8EDC-5799F363B67C}.AppStore|ARM.Build.0 = Release|Any CPU
		{CDE0FA43-3505-47FA-8EDC-5799F363B67C}.AppStore|iPhone.ActiveCfg = Release|Any CPU
		{CDE0FA43-3505-47FA-8EDC-5799F363B67C}.AppStore|iPhone.Build.0 = Release|Any CPU
		{CDE0FA43-3505-47FA-8EDC-5799F363B67C}.AppStore|iPhoneSimulator.ActiveCfg = Release|Any CPU
		{CDE0FA43-3505-47FA-8EDC-5799F363B67C}.AppStore|iPhoneSimulator.Build.0 = Release|Any CPU
		{CDE0FA43-3505-47FA-8EDC-5799F363B67C}.AppStore|x64.ActiveCfg = Release|Any CPU
		{CDE0FA43-3505-47FA-8EDC-5799F363B67C}.AppStore|x64.Build.0 = Release|Any CPU
		{CDE0FA43-3505-47FA-8EDC-5799F363B67C}.AppStore|x86.ActiveCfg = Release|Any CPU
		{CDE0FA43-3505-47FA-8EDC-5799F363B67C}.AppStore|x86.Build.0 = Release|Any CPU
		{CDE0FA43-3505-47FA-8EDC-5799F363B67C}.Debug|Any CPU.ActiveCfg = Debug|Any CPU
		{CDE0FA43-3505-47FA-8EDC-5799F363B67C}.Debug|Any CPU.Build.0 = Debug|Any CPU
		{CDE0FA43-3505-47FA-8EDC-5799F363B67C}.Debug|ARM.ActiveCfg = Debug|Any CPU
		{CDE0FA43-3505-47FA-8EDC-5799F363B67C}.Debug|ARM.Build.0 = Debug|Any CPU
		{CDE0FA43-3505-47FA-8EDC-5799F363B67C}.Debug|iPhone.ActiveCfg = Debug|Any CPU
		{CDE0FA43-3505-47FA-8EDC-5799F363B67C}.Debug|iPhone.Build.0 = Debug|Any CPU
		{CDE0FA43-3505-47FA-8EDC-5799F363B67C}.Debug|iPhoneSimulator.ActiveCfg = Debug|Any CPU
		{CDE0FA43-3505-47FA-8EDC-5799F363B67C}.Debug|iPhoneSimulator.Build.0 = Debug|Any CPU
		{CDE0FA43-3505-47FA-8EDC-5799F363B67C}.Debug|x64.ActiveCfg = Debug|Any CPU
		{CDE0FA43-3505-47FA-8EDC-5799F363B67C}.Debug|x64.Build.0 = Debug|Any CPU
		{CDE0FA43-3505-47FA-8EDC-5799F363B67C}.Debug|x86.ActiveCfg = Debug|Any CPU
		{CDE0FA43-3505-47FA-8EDC-5799F363B67C}.Debug|x86.Build.0 = Debug|Any CPU
		{CDE0FA43-3505-47FA-8EDC-5799F363B67C}.Release|Any CPU.ActiveCfg = Release|Any CPU
		{CDE0FA43-3505-47FA-8EDC-5799F363B67C}.Release|Any CPU.Build.0 = Release|Any CPU
		{CDE0FA43-3505-47FA-8EDC-5799F363B67C}.Release|ARM.ActiveCfg = Release|Any CPU
		{CDE0FA43-3505-47FA-8EDC-5799F363B67C}.Release|ARM.Build.0 = Release|Any CPU
		{CDE0FA43-3505-47FA-8EDC-5799F363B67C}.Release|iPhone.ActiveCfg = Release|Any CPU
		{CDE0FA43-3505-47FA-8EDC-5799F363B67C}.Release|iPhone.Build.0 = Release|Any CPU
		{CDE0FA43-3505-47FA-8EDC-5799F363B67C}.Release|iPhoneSimulator.ActiveCfg = Release|Any CPU
		{CDE0FA43-3505-47FA-8EDC-5799F363B67C}.Release|iPhoneSimulator.Build.0 = Release|Any CPU
		{CDE0FA43-3505-47FA-8EDC-5799F363B67C}.Release|x64.ActiveCfg = Release|Any CPU
		{CDE0FA43-3505-47FA-8EDC-5799F363B67C}.Release|x64.Build.0 = Release|Any CPU
		{CDE0FA43-3505-47FA-8EDC-5799F363B67C}.Release|x86.ActiveCfg = Release|Any CPU
		{CDE0FA43-3505-47FA-8EDC-5799F363B67C}.Release|x86.Build.0 = Release|Any CPU
		{F11F6BE2-B15E-408F-B3EF-D0B729EFDDB7}.Ad-Hoc|Any CPU.ActiveCfg = Release|x86
		{F11F6BE2-B15E-408F-B3EF-D0B729EFDDB7}.Ad-Hoc|Any CPU.Build.0 = Release|x86
		{F11F6BE2-B15E-408F-B3EF-D0B729EFDDB7}.Ad-Hoc|Any CPU.Deploy.0 = Release|x86
		{F11F6BE2-B15E-408F-B3EF-D0B729EFDDB7}.Ad-Hoc|ARM.ActiveCfg = Release|ARM
		{F11F6BE2-B15E-408F-B3EF-D0B729EFDDB7}.Ad-Hoc|ARM.Build.0 = Release|ARM
		{F11F6BE2-B15E-408F-B3EF-D0B729EFDDB7}.Ad-Hoc|ARM.Deploy.0 = Release|ARM
		{F11F6BE2-B15E-408F-B3EF-D0B729EFDDB7}.Ad-Hoc|iPhone.ActiveCfg = Release|x86
		{F11F6BE2-B15E-408F-B3EF-D0B729EFDDB7}.Ad-Hoc|iPhone.Build.0 = Release|x86
		{F11F6BE2-B15E-408F-B3EF-D0B729EFDDB7}.Ad-Hoc|iPhone.Deploy.0 = Release|x86
		{F11F6BE2-B15E-408F-B3EF-D0B729EFDDB7}.Ad-Hoc|iPhoneSimulator.ActiveCfg = Release|x86
		{F11F6BE2-B15E-408F-B3EF-D0B729EFDDB7}.Ad-Hoc|iPhoneSimulator.Build.0 = Release|x86
		{F11F6BE2-B15E-408F-B3EF-D0B729EFDDB7}.Ad-Hoc|iPhoneSimulator.Deploy.0 = Release|x86
		{F11F6BE2-B15E-408F-B3EF-D0B729EFDDB7}.Ad-Hoc|x64.ActiveCfg = Release|x64
		{F11F6BE2-B15E-408F-B3EF-D0B729EFDDB7}.Ad-Hoc|x64.Build.0 = Release|x64
		{F11F6BE2-B15E-408F-B3EF-D0B729EFDDB7}.Ad-Hoc|x64.Deploy.0 = Release|x64
		{F11F6BE2-B15E-408F-B3EF-D0B729EFDDB7}.Ad-Hoc|x86.ActiveCfg = Release|x86
		{F11F6BE2-B15E-408F-B3EF-D0B729EFDDB7}.Ad-Hoc|x86.Build.0 = Release|x86
		{F11F6BE2-B15E-408F-B3EF-D0B729EFDDB7}.Ad-Hoc|x86.Deploy.0 = Release|x86
		{F11F6BE2-B15E-408F-B3EF-D0B729EFDDB7}.AppStore|Any CPU.ActiveCfg = Release|x86
		{F11F6BE2-B15E-408F-B3EF-D0B729EFDDB7}.AppStore|Any CPU.Build.0 = Release|x86
		{F11F6BE2-B15E-408F-B3EF-D0B729EFDDB7}.AppStore|Any CPU.Deploy.0 = Release|x86
		{F11F6BE2-B15E-408F-B3EF-D0B729EFDDB7}.AppStore|ARM.ActiveCfg = Release|ARM
		{F11F6BE2-B15E-408F-B3EF-D0B729EFDDB7}.AppStore|ARM.Build.0 = Release|ARM
		{F11F6BE2-B15E-408F-B3EF-D0B729EFDDB7}.AppStore|ARM.Deploy.0 = Release|ARM
		{F11F6BE2-B15E-408F-B3EF-D0B729EFDDB7}.AppStore|iPhone.ActiveCfg = Release|x86
		{F11F6BE2-B15E-408F-B3EF-D0B729EFDDB7}.AppStore|iPhone.Build.0 = Release|x86
		{F11F6BE2-B15E-408F-B3EF-D0B729EFDDB7}.AppStore|iPhone.Deploy.0 = Release|x86
		{F11F6BE2-B15E-408F-B3EF-D0B729EFDDB7}.AppStore|iPhoneSimulator.ActiveCfg = Release|x86
		{F11F6BE2-B15E-408F-B3EF-D0B729EFDDB7}.AppStore|iPhoneSimulator.Build.0 = Release|x86
		{F11F6BE2-B15E-408F-B3EF-D0B729EFDDB7}.AppStore|iPhoneSimulator.Deploy.0 = Release|x86
		{F11F6BE2-B15E-408F-B3EF-D0B729EFDDB7}.AppStore|x64.ActiveCfg = Release|x64
		{F11F6BE2-B15E-408F-B3EF-D0B729EFDDB7}.AppStore|x64.Build.0 = Release|x64
		{F11F6BE2-B15E-408F-B3EF-D0B729EFDDB7}.AppStore|x64.Deploy.0 = Release|x64
		{F11F6BE2-B15E-408F-B3EF-D0B729EFDDB7}.AppStore|x86.ActiveCfg = Release|x86
		{F11F6BE2-B15E-408F-B3EF-D0B729EFDDB7}.AppStore|x86.Build.0 = Release|x86
		{F11F6BE2-B15E-408F-B3EF-D0B729EFDDB7}.AppStore|x86.Deploy.0 = Release|x86
		{F11F6BE2-B15E-408F-B3EF-D0B729EFDDB7}.Debug|Any CPU.ActiveCfg = Debug|x86
		{F11F6BE2-B15E-408F-B3EF-D0B729EFDDB7}.Debug|ARM.ActiveCfg = Debug|ARM
		{F11F6BE2-B15E-408F-B3EF-D0B729EFDDB7}.Debug|ARM.Build.0 = Debug|ARM
		{F11F6BE2-B15E-408F-B3EF-D0B729EFDDB7}.Debug|ARM.Deploy.0 = Debug|ARM
		{F11F6BE2-B15E-408F-B3EF-D0B729EFDDB7}.Debug|iPhone.ActiveCfg = Debug|x86
		{F11F6BE2-B15E-408F-B3EF-D0B729EFDDB7}.Debug|iPhoneSimulator.ActiveCfg = Debug|x86
		{F11F6BE2-B15E-408F-B3EF-D0B729EFDDB7}.Debug|x64.ActiveCfg = Debug|x64
		{F11F6BE2-B15E-408F-B3EF-D0B729EFDDB7}.Debug|x64.Build.0 = Debug|x64
		{F11F6BE2-B15E-408F-B3EF-D0B729EFDDB7}.Debug|x64.Deploy.0 = Debug|x64
		{F11F6BE2-B15E-408F-B3EF-D0B729EFDDB7}.Debug|x86.ActiveCfg = Debug|x86
		{F11F6BE2-B15E-408F-B3EF-D0B729EFDDB7}.Debug|x86.Build.0 = Debug|x86
		{F11F6BE2-B15E-408F-B3EF-D0B729EFDDB7}.Debug|x86.Deploy.0 = Debug|x86
		{F11F6BE2-B15E-408F-B3EF-D0B729EFDDB7}.Release|Any CPU.ActiveCfg = Release|x86
		{F11F6BE2-B15E-408F-B3EF-D0B729EFDDB7}.Release|ARM.ActiveCfg = Release|ARM
		{F11F6BE2-B15E-408F-B3EF-D0B729EFDDB7}.Release|ARM.Build.0 = Release|ARM
		{F11F6BE2-B15E-408F-B3EF-D0B729EFDDB7}.Release|ARM.Deploy.0 = Release|ARM
		{F11F6BE2-B15E-408F-B3EF-D0B729EFDDB7}.Release|iPhone.ActiveCfg = Release|x86
		{F11F6BE2-B15E-408F-B3EF-D0B729EFDDB7}.Release|iPhoneSimulator.ActiveCfg = Release|x86
		{F11F6BE2-B15E-408F-B3EF-D0B729EFDDB7}.Release|x64.ActiveCfg = Release|x64
		{F11F6BE2-B15E-408F-B3EF-D0B729EFDDB7}.Release|x64.Build.0 = Release|x64
		{F11F6BE2-B15E-408F-B3EF-D0B729EFDDB7}.Release|x64.Deploy.0 = Release|x64
		{F11F6BE2-B15E-408F-B3EF-D0B729EFDDB7}.Release|x86.ActiveCfg = Release|x86
		{F11F6BE2-B15E-408F-B3EF-D0B729EFDDB7}.Release|x86.Build.0 = Release|x86
		{F11F6BE2-B15E-408F-B3EF-D0B729EFDDB7}.Release|x86.Deploy.0 = Release|x86
		{0F12AE34-654F-414B-AD92-A5D0F7E36AA3}.Ad-Hoc|Any CPU.ActiveCfg = Ad-Hoc|iPhone
		{0F12AE34-654F-414B-AD92-A5D0F7E36AA3}.Ad-Hoc|ARM.ActiveCfg = Ad-Hoc|iPhone
		{0F12AE34-654F-414B-AD92-A5D0F7E36AA3}.Ad-Hoc|iPhone.ActiveCfg = Ad-Hoc|iPhone
		{0F12AE34-654F-414B-AD92-A5D0F7E36AA3}.Ad-Hoc|iPhone.Build.0 = Ad-Hoc|iPhone
		{0F12AE34-654F-414B-AD92-A5D0F7E36AA3}.Ad-Hoc|iPhoneSimulator.ActiveCfg = Ad-Hoc|iPhoneSimulator
		{0F12AE34-654F-414B-AD92-A5D0F7E36AA3}.Ad-Hoc|iPhoneSimulator.Build.0 = Ad-Hoc|iPhoneSimulator
		{0F12AE34-654F-414B-AD92-A5D0F7E36AA3}.Ad-Hoc|x64.ActiveCfg = Ad-Hoc|iPhone
		{0F12AE34-654F-414B-AD92-A5D0F7E36AA3}.Ad-Hoc|x86.ActiveCfg = Ad-Hoc|iPhone
		{0F12AE34-654F-414B-AD92-A5D0F7E36AA3}.AppStore|Any CPU.ActiveCfg = AppStore|iPhone
		{0F12AE34-654F-414B-AD92-A5D0F7E36AA3}.AppStore|ARM.ActiveCfg = AppStore|iPhone
		{0F12AE34-654F-414B-AD92-A5D0F7E36AA3}.AppStore|iPhone.ActiveCfg = AppStore|iPhone
		{0F12AE34-654F-414B-AD92-A5D0F7E36AA3}.AppStore|iPhone.Build.0 = AppStore|iPhone
		{0F12AE34-654F-414B-AD92-A5D0F7E36AA3}.AppStore|iPhoneSimulator.ActiveCfg = AppStore|iPhoneSimulator
		{0F12AE34-654F-414B-AD92-A5D0F7E36AA3}.AppStore|iPhoneSimulator.Build.0 = AppStore|iPhoneSimulator
		{0F12AE34-654F-414B-AD92-A5D0F7E36AA3}.AppStore|x64.ActiveCfg = AppStore|iPhone
		{0F12AE34-654F-414B-AD92-A5D0F7E36AA3}.AppStore|x86.ActiveCfg = AppStore|iPhone
		{0F12AE34-654F-414B-AD92-A5D0F7E36AA3}.Debug|Any CPU.ActiveCfg = Debug|iPhone
		{0F12AE34-654F-414B-AD92-A5D0F7E36AA3}.Debug|ARM.ActiveCfg = Debug|iPhone
		{0F12AE34-654F-414B-AD92-A5D0F7E36AA3}.Debug|iPhone.ActiveCfg = Debug|iPhone
		{0F12AE34-654F-414B-AD92-A5D0F7E36AA3}.Debug|iPhone.Build.0 = Debug|iPhone
		{0F12AE34-654F-414B-AD92-A5D0F7E36AA3}.Debug|iPhoneSimulator.ActiveCfg = Debug|iPhoneSimulator
		{0F12AE34-654F-414B-AD92-A5D0F7E36AA3}.Debug|iPhoneSimulator.Build.0 = Debug|iPhoneSimulator
		{0F12AE34-654F-414B-AD92-A5D0F7E36AA3}.Debug|x64.ActiveCfg = Debug|iPhone
		{0F12AE34-654F-414B-AD92-A5D0F7E36AA3}.Debug|x86.ActiveCfg = Debug|iPhone
		{0F12AE34-654F-414B-AD92-A5D0F7E36AA3}.Release|Any CPU.ActiveCfg = Release|iPhone
		{0F12AE34-654F-414B-AD92-A5D0F7E36AA3}.Release|ARM.ActiveCfg = Release|iPhone
		{0F12AE34-654F-414B-AD92-A5D0F7E36AA3}.Release|iPhone.ActiveCfg = Release|iPhone
		{0F12AE34-654F-414B-AD92-A5D0F7E36AA3}.Release|iPhone.Build.0 = Release|iPhone
		{0F12AE34-654F-414B-AD92-A5D0F7E36AA3}.Release|iPhoneSimulator.ActiveCfg = Release|iPhoneSimulator
		{0F12AE34-654F-414B-AD92-A5D0F7E36AA3}.Release|iPhoneSimulator.Build.0 = Release|iPhoneSimulator
		{0F12AE34-654F-414B-AD92-A5D0F7E36AA3}.Release|x64.ActiveCfg = Release|iPhone
		{0F12AE34-654F-414B-AD92-A5D0F7E36AA3}.Release|x86.ActiveCfg = Release|iPhone
		{B97BDC9E-6052-47DD-AB8A-39629628AC4D}.Ad-Hoc|Any CPU.ActiveCfg = Release|Any CPU
		{B97BDC9E-6052-47DD-AB8A-39629628AC4D}.Ad-Hoc|Any CPU.Build.0 = Release|Any CPU
		{B97BDC9E-6052-47DD-AB8A-39629628AC4D}.Ad-Hoc|Any CPU.Deploy.0 = Release|Any CPU
		{B97BDC9E-6052-47DD-AB8A-39629628AC4D}.Ad-Hoc|ARM.ActiveCfg = Release|Any CPU
		{B97BDC9E-6052-47DD-AB8A-39629628AC4D}.Ad-Hoc|ARM.Build.0 = Release|Any CPU
		{B97BDC9E-6052-47DD-AB8A-39629628AC4D}.Ad-Hoc|ARM.Deploy.0 = Release|Any CPU
		{B97BDC9E-6052-47DD-AB8A-39629628AC4D}.Ad-Hoc|iPhone.ActiveCfg = Release|Any CPU
		{B97BDC9E-6052-47DD-AB8A-39629628AC4D}.Ad-Hoc|iPhone.Build.0 = Release|Any CPU
		{B97BDC9E-6052-47DD-AB8A-39629628AC4D}.Ad-Hoc|iPhone.Deploy.0 = Release|Any CPU
		{B97BDC9E-6052-47DD-AB8A-39629628AC4D}.Ad-Hoc|iPhoneSimulator.ActiveCfg = Release|Any CPU
		{B97BDC9E-6052-47DD-AB8A-39629628AC4D}.Ad-Hoc|iPhoneSimulator.Build.0 = Release|Any CPU
		{B97BDC9E-6052-47DD-AB8A-39629628AC4D}.Ad-Hoc|iPhoneSimulator.Deploy.0 = Release|Any CPU
		{B97BDC9E-6052-47DD-AB8A-39629628AC4D}.Ad-Hoc|x64.ActiveCfg = Release|Any CPU
		{B97BDC9E-6052-47DD-AB8A-39629628AC4D}.Ad-Hoc|x64.Build.0 = Release|Any CPU
		{B97BDC9E-6052-47DD-AB8A-39629628AC4D}.Ad-Hoc|x64.Deploy.0 = Release|Any CPU
		{B97BDC9E-6052-47DD-AB8A-39629628AC4D}.Ad-Hoc|x86.ActiveCfg = Release|Any CPU
		{B97BDC9E-6052-47DD-AB8A-39629628AC4D}.Ad-Hoc|x86.Build.0 = Release|Any CPU
		{B97BDC9E-6052-47DD-AB8A-39629628AC4D}.Ad-Hoc|x86.Deploy.0 = Release|Any CPU
		{B97BDC9E-6052-47DD-AB8A-39629628AC4D}.AppStore|Any CPU.ActiveCfg = Release|Any CPU
		{B97BDC9E-6052-47DD-AB8A-39629628AC4D}.AppStore|Any CPU.Build.0 = Release|Any CPU
		{B97BDC9E-6052-47DD-AB8A-39629628AC4D}.AppStore|Any CPU.Deploy.0 = Release|Any CPU
		{B97BDC9E-6052-47DD-AB8A-39629628AC4D}.AppStore|ARM.ActiveCfg = Release|Any CPU
		{B97BDC9E-6052-47DD-AB8A-39629628AC4D}.AppStore|ARM.Build.0 = Release|Any CPU
		{B97BDC9E-6052-47DD-AB8A-39629628AC4D}.AppStore|ARM.Deploy.0 = Release|Any CPU
		{B97BDC9E-6052-47DD-AB8A-39629628AC4D}.AppStore|iPhone.ActiveCfg = Release|Any CPU
		{B97BDC9E-6052-47DD-AB8A-39629628AC4D}.AppStore|iPhone.Build.0 = Release|Any CPU
		{B97BDC9E-6052-47DD-AB8A-39629628AC4D}.AppStore|iPhone.Deploy.0 = Release|Any CPU
		{B97BDC9E-6052-47DD-AB8A-39629628AC4D}.AppStore|iPhoneSimulator.ActiveCfg = Release|Any CPU
		{B97BDC9E-6052-47DD-AB8A-39629628AC4D}.AppStore|iPhoneSimulator.Build.0 = Release|Any CPU
		{B97BDC9E-6052-47DD-AB8A-39629628AC4D}.AppStore|iPhoneSimulator.Deploy.0 = Release|Any CPU
		{B97BDC9E-6052-47DD-AB8A-39629628AC4D}.AppStore|x64.ActiveCfg = Release|Any CPU
		{B97BDC9E-6052-47DD-AB8A-39629628AC4D}.AppStore|x64.Build.0 = Release|Any CPU
		{B97BDC9E-6052-47DD-AB8A-39629628AC4D}.AppStore|x64.Deploy.0 = Release|Any CPU
		{B97BDC9E-6052-47DD-AB8A-39629628AC4D}.AppStore|x86.ActiveCfg = Release|Any CPU
		{B97BDC9E-6052-47DD-AB8A-39629628AC4D}.AppStore|x86.Build.0 = Release|Any CPU
		{B97BDC9E-6052-47DD-AB8A-39629628AC4D}.AppStore|x86.Deploy.0 = Release|Any CPU
		{B97BDC9E-6052-47DD-AB8A-39629628AC4D}.Debug|Any CPU.ActiveCfg = Debug|Any CPU
		{B97BDC9E-6052-47DD-AB8A-39629628AC4D}.Debug|Any CPU.Build.0 = Debug|Any CPU
		{B97BDC9E-6052-47DD-AB8A-39629628AC4D}.Debug|Any CPU.Deploy.0 = Debug|Any CPU
		{B97BDC9E-6052-47DD-AB8A-39629628AC4D}.Debug|ARM.ActiveCfg = Debug|Any CPU
		{B97BDC9E-6052-47DD-AB8A-39629628AC4D}.Debug|ARM.Build.0 = Debug|Any CPU
		{B97BDC9E-6052-47DD-AB8A-39629628AC4D}.Debug|ARM.Deploy.0 = Debug|Any CPU
		{B97BDC9E-6052-47DD-AB8A-39629628AC4D}.Debug|iPhone.ActiveCfg = Debug|Any CPU
		{B97BDC9E-6052-47DD-AB8A-39629628AC4D}.Debug|iPhone.Build.0 = Debug|Any CPU
		{B97BDC9E-6052-47DD-AB8A-39629628AC4D}.Debug|iPhone.Deploy.0 = Debug|Any CPU
		{B97BDC9E-6052-47DD-AB8A-39629628AC4D}.Debug|iPhoneSimulator.ActiveCfg = Debug|Any CPU
		{B97BDC9E-6052-47DD-AB8A-39629628AC4D}.Debug|iPhoneSimulator.Build.0 = Debug|Any CPU
		{B97BDC9E-6052-47DD-AB8A-39629628AC4D}.Debug|iPhoneSimulator.Deploy.0 = Debug|Any CPU
		{B97BDC9E-6052-47DD-AB8A-39629628AC4D}.Debug|x64.ActiveCfg = Debug|Any CPU
		{B97BDC9E-6052-47DD-AB8A-39629628AC4D}.Debug|x64.Build.0 = Debug|Any CPU
		{B97BDC9E-6052-47DD-AB8A-39629628AC4D}.Debug|x64.Deploy.0 = Debug|Any CPU
		{B97BDC9E-6052-47DD-AB8A-39629628AC4D}.Debug|x86.ActiveCfg = Debug|Any CPU
		{B97BDC9E-6052-47DD-AB8A-39629628AC4D}.Debug|x86.Build.0 = Debug|Any CPU
		{B97BDC9E-6052-47DD-AB8A-39629628AC4D}.Debug|x86.Deploy.0 = Debug|Any CPU
		{B97BDC9E-6052-47DD-AB8A-39629628AC4D}.Release|Any CPU.ActiveCfg = Release|Any CPU
		{B97BDC9E-6052-47DD-AB8A-39629628AC4D}.Release|Any CPU.Build.0 = Release|Any CPU
		{B97BDC9E-6052-47DD-AB8A-39629628AC4D}.Release|Any CPU.Deploy.0 = Release|Any CPU
		{B97BDC9E-6052-47DD-AB8A-39629628AC4D}.Release|ARM.ActiveCfg = Release|Any CPU
		{B97BDC9E-6052-47DD-AB8A-39629628AC4D}.Release|ARM.Build.0 = Release|Any CPU
		{B97BDC9E-6052-47DD-AB8A-39629628AC4D}.Release|ARM.Deploy.0 = Release|Any CPU
		{B97BDC9E-6052-47DD-AB8A-39629628AC4D}.Release|iPhone.ActiveCfg = Release|Any CPU
		{B97BDC9E-6052-47DD-AB8A-39629628AC4D}.Release|iPhone.Build.0 = Release|Any CPU
		{B97BDC9E-6052-47DD-AB8A-39629628AC4D}.Release|iPhone.Deploy.0 = Release|Any CPU
		{B97BDC9E-6052-47DD-AB8A-39629628AC4D}.Release|iPhoneSimulator.ActiveCfg = Release|Any CPU
		{B97BDC9E-6052-47DD-AB8A-39629628AC4D}.Release|iPhoneSimulator.Build.0 = Release|Any CPU
		{B97BDC9E-6052-47DD-AB8A-39629628AC4D}.Release|iPhoneSimulator.Deploy.0 = Release|Any CPU
		{B97BDC9E-6052-47DD-AB8A-39629628AC4D}.Release|x64.ActiveCfg = Release|Any CPU
		{B97BDC9E-6052-47DD-AB8A-39629628AC4D}.Release|x64.Build.0 = Release|Any CPU
		{B97BDC9E-6052-47DD-AB8A-39629628AC4D}.Release|x64.Deploy.0 = Release|Any CPU
		{B97BDC9E-6052-47DD-AB8A-39629628AC4D}.Release|x86.ActiveCfg = Release|Any CPU
		{B97BDC9E-6052-47DD-AB8A-39629628AC4D}.Release|x86.Build.0 = Release|Any CPU
		{B97BDC9E-6052-47DD-AB8A-39629628AC4D}.Release|x86.Deploy.0 = Release|Any CPU
		{64EF7D5B-8BDD-4D82-A8DA-5D77415F7695}.Ad-Hoc|Any CPU.ActiveCfg = Release|Any CPU
		{64EF7D5B-8BDD-4D82-A8DA-5D77415F7695}.Ad-Hoc|Any CPU.Build.0 = Release|Any CPU
		{64EF7D5B-8BDD-4D82-A8DA-5D77415F7695}.Ad-Hoc|ARM.ActiveCfg = Release|Any CPU
		{64EF7D5B-8BDD-4D82-A8DA-5D77415F7695}.Ad-Hoc|ARM.Build.0 = Release|Any CPU
		{64EF7D5B-8BDD-4D82-A8DA-5D77415F7695}.Ad-Hoc|iPhone.ActiveCfg = Release|Any CPU
		{64EF7D5B-8BDD-4D82-A8DA-5D77415F7695}.Ad-Hoc|iPhone.Build.0 = Release|Any CPU
		{64EF7D5B-8BDD-4D82-A8DA-5D77415F7695}.Ad-Hoc|iPhoneSimulator.ActiveCfg = Release|Any CPU
		{64EF7D5B-8BDD-4D82-A8DA-5D77415F7695}.Ad-Hoc|iPhoneSimulator.Build.0 = Release|Any CPU
		{64EF7D5B-8BDD-4D82-A8DA-5D77415F7695}.Ad-Hoc|x64.ActiveCfg = Release|Any CPU
		{64EF7D5B-8BDD-4D82-A8DA-5D77415F7695}.Ad-Hoc|x64.Build.0 = Release|Any CPU
		{64EF7D5B-8BDD-4D82-A8DA-5D77415F7695}.Ad-Hoc|x86.ActiveCfg = Release|Any CPU
		{64EF7D5B-8BDD-4D82-A8DA-5D77415F7695}.Ad-Hoc|x86.Build.0 = Release|Any CPU
		{64EF7D5B-8BDD-4D82-A8DA-5D77415F7695}.AppStore|Any CPU.ActiveCfg = Release|Any CPU
		{64EF7D5B-8BDD-4D82-A8DA-5D77415F7695}.AppStore|Any CPU.Build.0 = Release|Any CPU
		{64EF7D5B-8BDD-4D82-A8DA-5D77415F7695}.AppStore|ARM.ActiveCfg = Release|Any CPU
		{64EF7D5B-8BDD-4D82-A8DA-5D77415F7695}.AppStore|ARM.Build.0 = Release|Any CPU
		{64EF7D5B-8BDD-4D82-A8DA-5D77415F7695}.AppStore|iPhone.ActiveCfg = Release|Any CPU
		{64EF7D5B-8BDD-4D82-A8DA-5D77415F7695}.AppStore|iPhone.Build.0 = Release|Any CPU
		{64EF7D5B-8BDD-4D82-A8DA-5D77415F7695}.AppStore|iPhoneSimulator.ActiveCfg = Release|Any CPU
		{64EF7D5B-8BDD-4D82-A8DA-5D77415F7695}.AppStore|iPhoneSimulator.Build.0 = Release|Any CPU
		{64EF7D5B-8BDD-4D82-A8DA-5D77415F7695}.AppStore|x64.ActiveCfg = Release|Any CPU
		{64EF7D5B-8BDD-4D82-A8DA-5D77415F7695}.AppStore|x64.Build.0 = Release|Any CPU
		{64EF7D5B-8BDD-4D82-A8DA-5D77415F7695}.AppStore|x86.ActiveCfg = Release|Any CPU
		{64EF7D5B-8BDD-4D82-A8DA-5D77415F7695}.AppStore|x86.Build.0 = Release|Any CPU
		{64EF7D5B-8BDD-4D82-A8DA-5D77415F7695}.Debug|Any CPU.ActiveCfg = Debug|Any CPU
		{64EF7D5B-8BDD-4D82-A8DA-5D77415F7695}.Debug|Any CPU.Build.0 = Debug|Any CPU
		{64EF7D5B-8BDD-4D82-A8DA-5D77415F7695}.Debug|ARM.ActiveCfg = Debug|Any CPU
		{64EF7D5B-8BDD-4D82-A8DA-5D77415F7695}.Debug|ARM.Build.0 = Debug|Any CPU
		{64EF7D5B-8BDD-4D82-A8DA-5D77415F7695}.Debug|iPhone.ActiveCfg = Debug|Any CPU
		{64EF7D5B-8BDD-4D82-A8DA-5D77415F7695}.Debug|iPhone.Build.0 = Debug|Any CPU
		{64EF7D5B-8BDD-4D82-A8DA-5D77415F7695}.Debug|iPhoneSimulator.ActiveCfg = Debug|Any CPU
		{64EF7D5B-8BDD-4D82-A8DA-5D77415F7695}.Debug|iPhoneSimulator.Build.0 = Debug|Any CPU
		{64EF7D5B-8BDD-4D82-A8DA-5D77415F7695}.Debug|x64.ActiveCfg = Debug|Any CPU
		{64EF7D5B-8BDD-4D82-A8DA-5D77415F7695}.Debug|x64.Build.0 = Debug|Any CPU
		{64EF7D5B-8BDD-4D82-A8DA-5D77415F7695}.Debug|x86.ActiveCfg = Debug|Any CPU
		{64EF7D5B-8BDD-4D82-A8DA-5D77415F7695}.Debug|x86.Build.0 = Debug|Any CPU
		{64EF7D5B-8BDD-4D82-A8DA-5D77415F7695}.Release|Any CPU.ActiveCfg = Release|Any CPU
		{64EF7D5B-8BDD-4D82-A8DA-5D77415F7695}.Release|Any CPU.Build.0 = Release|Any CPU
		{64EF7D5B-8BDD-4D82-A8DA-5D77415F7695}.Release|ARM.ActiveCfg = Release|Any CPU
		{64EF7D5B-8BDD-4D82-A8DA-5D77415F7695}.Release|ARM.Build.0 = Release|Any CPU
		{64EF7D5B-8BDD-4D82-A8DA-5D77415F7695}.Release|iPhone.ActiveCfg = Release|Any CPU
		{64EF7D5B-8BDD-4D82-A8DA-5D77415F7695}.Release|iPhone.Build.0 = Release|Any CPU
		{64EF7D5B-8BDD-4D82-A8DA-5D77415F7695}.Release|iPhoneSimulator.ActiveCfg = Release|Any CPU
		{64EF7D5B-8BDD-4D82-A8DA-5D77415F7695}.Release|iPhoneSimulator.Build.0 = Release|Any CPU
		{64EF7D5B-8BDD-4D82-A8DA-5D77415F7695}.Release|x64.ActiveCfg = Release|Any CPU
		{64EF7D5B-8BDD-4D82-A8DA-5D77415F7695}.Release|x64.Build.0 = Release|Any CPU
		{64EF7D5B-8BDD-4D82-A8DA-5D77415F7695}.Release|x86.ActiveCfg = Release|Any CPU
		{64EF7D5B-8BDD-4D82-A8DA-5D77415F7695}.Release|x86.Build.0 = Release|Any CPU
		{37D3FFC0-3449-4EAD-ACE1-F3BA8E0A762B}.Ad-Hoc|Any CPU.ActiveCfg = Release|x86
		{37D3FFC0-3449-4EAD-ACE1-F3BA8E0A762B}.Ad-Hoc|Any CPU.Build.0 = Release|x86
		{37D3FFC0-3449-4EAD-ACE1-F3BA8E0A762B}.Ad-Hoc|Any CPU.Deploy.0 = Release|x86
		{37D3FFC0-3449-4EAD-ACE1-F3BA8E0A762B}.Ad-Hoc|ARM.ActiveCfg = Release|ARM
		{37D3FFC0-3449-4EAD-ACE1-F3BA8E0A762B}.Ad-Hoc|ARM.Build.0 = Release|ARM
		{37D3FFC0-3449-4EAD-ACE1-F3BA8E0A762B}.Ad-Hoc|ARM.Deploy.0 = Release|ARM
		{37D3FFC0-3449-4EAD-ACE1-F3BA8E0A762B}.Ad-Hoc|iPhone.ActiveCfg = Release|x86
		{37D3FFC0-3449-4EAD-ACE1-F3BA8E0A762B}.Ad-Hoc|iPhone.Build.0 = Release|x86
		{37D3FFC0-3449-4EAD-ACE1-F3BA8E0A762B}.Ad-Hoc|iPhone.Deploy.0 = Release|x86
		{37D3FFC0-3449-4EAD-ACE1-F3BA8E0A762B}.Ad-Hoc|iPhoneSimulator.ActiveCfg = Release|x86
		{37D3FFC0-3449-4EAD-ACE1-F3BA8E0A762B}.Ad-Hoc|iPhoneSimulator.Build.0 = Release|x86
		{37D3FFC0-3449-4EAD-ACE1-F3BA8E0A762B}.Ad-Hoc|iPhoneSimulator.Deploy.0 = Release|x86
		{37D3FFC0-3449-4EAD-ACE1-F3BA8E0A762B}.Ad-Hoc|x64.ActiveCfg = Release|x64
		{37D3FFC0-3449-4EAD-ACE1-F3BA8E0A762B}.Ad-Hoc|x64.Build.0 = Release|x64
		{37D3FFC0-3449-4EAD-ACE1-F3BA8E0A762B}.Ad-Hoc|x64.Deploy.0 = Release|x64
		{37D3FFC0-3449-4EAD-ACE1-F3BA8E0A762B}.Ad-Hoc|x86.ActiveCfg = Release|x86
		{37D3FFC0-3449-4EAD-ACE1-F3BA8E0A762B}.Ad-Hoc|x86.Build.0 = Release|x86
		{37D3FFC0-3449-4EAD-ACE1-F3BA8E0A762B}.Ad-Hoc|x86.Deploy.0 = Release|x86
		{37D3FFC0-3449-4EAD-ACE1-F3BA8E0A762B}.AppStore|Any CPU.ActiveCfg = Release|x86
		{37D3FFC0-3449-4EAD-ACE1-F3BA8E0A762B}.AppStore|Any CPU.Build.0 = Release|x86
		{37D3FFC0-3449-4EAD-ACE1-F3BA8E0A762B}.AppStore|Any CPU.Deploy.0 = Release|x86
		{37D3FFC0-3449-4EAD-ACE1-F3BA8E0A762B}.AppStore|ARM.ActiveCfg = Release|ARM
		{37D3FFC0-3449-4EAD-ACE1-F3BA8E0A762B}.AppStore|ARM.Build.0 = Release|ARM
		{37D3FFC0-3449-4EAD-ACE1-F3BA8E0A762B}.AppStore|ARM.Deploy.0 = Release|ARM
		{37D3FFC0-3449-4EAD-ACE1-F3BA8E0A762B}.AppStore|iPhone.ActiveCfg = Release|x86
		{37D3FFC0-3449-4EAD-ACE1-F3BA8E0A762B}.AppStore|iPhone.Build.0 = Release|x86
		{37D3FFC0-3449-4EAD-ACE1-F3BA8E0A762B}.AppStore|iPhone.Deploy.0 = Release|x86
		{37D3FFC0-3449-4EAD-ACE1-F3BA8E0A762B}.AppStore|iPhoneSimulator.ActiveCfg = Release|x86
		{37D3FFC0-3449-4EAD-ACE1-F3BA8E0A762B}.AppStore|iPhoneSimulator.Build.0 = Release|x86
		{37D3FFC0-3449-4EAD-ACE1-F3BA8E0A762B}.AppStore|iPhoneSimulator.Deploy.0 = Release|x86
		{37D3FFC0-3449-4EAD-ACE1-F3BA8E0A762B}.AppStore|x64.ActiveCfg = Release|x64
		{37D3FFC0-3449-4EAD-ACE1-F3BA8E0A762B}.AppStore|x64.Build.0 = Release|x64
		{37D3FFC0-3449-4EAD-ACE1-F3BA8E0A762B}.AppStore|x64.Deploy.0 = Release|x64
		{37D3FFC0-3449-4EAD-ACE1-F3BA8E0A762B}.AppStore|x86.ActiveCfg = Release|x86
		{37D3FFC0-3449-4EAD-ACE1-F3BA8E0A762B}.AppStore|x86.Build.0 = Release|x86
		{37D3FFC0-3449-4EAD-ACE1-F3BA8E0A762B}.AppStore|x86.Deploy.0 = Release|x86
		{37D3FFC0-3449-4EAD-ACE1-F3BA8E0A762B}.Debug|Any CPU.ActiveCfg = Debug|x86
		{37D3FFC0-3449-4EAD-ACE1-F3BA8E0A762B}.Debug|ARM.ActiveCfg = Debug|ARM
		{37D3FFC0-3449-4EAD-ACE1-F3BA8E0A762B}.Debug|ARM.Build.0 = Debug|ARM
		{37D3FFC0-3449-4EAD-ACE1-F3BA8E0A762B}.Debug|ARM.Deploy.0 = Debug|ARM
		{37D3FFC0-3449-4EAD-ACE1-F3BA8E0A762B}.Debug|iPhone.ActiveCfg = Debug|x86
		{37D3FFC0-3449-4EAD-ACE1-F3BA8E0A762B}.Debug|iPhoneSimulator.ActiveCfg = Debug|x86
		{37D3FFC0-3449-4EAD-ACE1-F3BA8E0A762B}.Debug|x64.ActiveCfg = Debug|x64
		{37D3FFC0-3449-4EAD-ACE1-F3BA8E0A762B}.Debug|x64.Build.0 = Debug|x64
		{37D3FFC0-3449-4EAD-ACE1-F3BA8E0A762B}.Debug|x64.Deploy.0 = Debug|x64
		{37D3FFC0-3449-4EAD-ACE1-F3BA8E0A762B}.Debug|x86.ActiveCfg = Debug|x86
		{37D3FFC0-3449-4EAD-ACE1-F3BA8E0A762B}.Debug|x86.Build.0 = Debug|x86
		{37D3FFC0-3449-4EAD-ACE1-F3BA8E0A762B}.Debug|x86.Deploy.0 = Debug|x86
		{37D3FFC0-3449-4EAD-ACE1-F3BA8E0A762B}.Release|Any CPU.ActiveCfg = Release|x86
		{37D3FFC0-3449-4EAD-ACE1-F3BA8E0A762B}.Release|ARM.ActiveCfg = Release|ARM
		{37D3FFC0-3449-4EAD-ACE1-F3BA8E0A762B}.Release|ARM.Build.0 = Release|ARM
		{37D3FFC0-3449-4EAD-ACE1-F3BA8E0A762B}.Release|ARM.Deploy.0 = Release|ARM
		{37D3FFC0-3449-4EAD-ACE1-F3BA8E0A762B}.Release|iPhone.ActiveCfg = Release|x86
		{37D3FFC0-3449-4EAD-ACE1-F3BA8E0A762B}.Release|iPhoneSimulator.ActiveCfg = Release|x86
		{37D3FFC0-3449-4EAD-ACE1-F3BA8E0A762B}.Release|x64.ActiveCfg = Release|x64
		{37D3FFC0-3449-4EAD-ACE1-F3BA8E0A762B}.Release|x64.Build.0 = Release|x64
		{37D3FFC0-3449-4EAD-ACE1-F3BA8E0A762B}.Release|x64.Deploy.0 = Release|x64
		{37D3FFC0-3449-4EAD-ACE1-F3BA8E0A762B}.Release|x86.ActiveCfg = Release|x86
		{37D3FFC0-3449-4EAD-ACE1-F3BA8E0A762B}.Release|x86.Build.0 = Release|x86
		{37D3FFC0-3449-4EAD-ACE1-F3BA8E0A762B}.Release|x86.Deploy.0 = Release|x86
		{81443D3D-F816-4845-A367-5651767E8318}.Ad-Hoc|Any CPU.ActiveCfg = Ad-Hoc|iPhone
		{81443D3D-F816-4845-A367-5651767E8318}.Ad-Hoc|ARM.ActiveCfg = Ad-Hoc|iPhone
		{81443D3D-F816-4845-A367-5651767E8318}.Ad-Hoc|iPhone.ActiveCfg = Ad-Hoc|iPhone
		{81443D3D-F816-4845-A367-5651767E8318}.Ad-Hoc|iPhone.Build.0 = Ad-Hoc|iPhone
		{81443D3D-F816-4845-A367-5651767E8318}.Ad-Hoc|iPhoneSimulator.ActiveCfg = Ad-Hoc|iPhoneSimulator
		{81443D3D-F816-4845-A367-5651767E8318}.Ad-Hoc|iPhoneSimulator.Build.0 = Ad-Hoc|iPhoneSimulator
		{81443D3D-F816-4845-A367-5651767E8318}.Ad-Hoc|x64.ActiveCfg = Ad-Hoc|iPhone
		{81443D3D-F816-4845-A367-5651767E8318}.Ad-Hoc|x86.ActiveCfg = Ad-Hoc|iPhone
		{81443D3D-F816-4845-A367-5651767E8318}.AppStore|Any CPU.ActiveCfg = AppStore|iPhone
		{81443D3D-F816-4845-A367-5651767E8318}.AppStore|ARM.ActiveCfg = AppStore|iPhone
		{81443D3D-F816-4845-A367-5651767E8318}.AppStore|iPhone.ActiveCfg = AppStore|iPhone
		{81443D3D-F816-4845-A367-5651767E8318}.AppStore|iPhone.Build.0 = AppStore|iPhone
		{81443D3D-F816-4845-A367-5651767E8318}.AppStore|iPhoneSimulator.ActiveCfg = AppStore|iPhoneSimulator
		{81443D3D-F816-4845-A367-5651767E8318}.AppStore|iPhoneSimulator.Build.0 = AppStore|iPhoneSimulator
		{81443D3D-F816-4845-A367-5651767E8318}.AppStore|x64.ActiveCfg = AppStore|iPhone
		{81443D3D-F816-4845-A367-5651767E8318}.AppStore|x86.ActiveCfg = AppStore|iPhone
		{81443D3D-F816-4845-A367-5651767E8318}.Debug|Any CPU.ActiveCfg = Debug|iPhone
		{81443D3D-F816-4845-A367-5651767E8318}.Debug|ARM.ActiveCfg = Debug|iPhone
		{81443D3D-F816-4845-A367-5651767E8318}.Debug|iPhone.ActiveCfg = Debug|iPhone
		{81443D3D-F816-4845-A367-5651767E8318}.Debug|iPhone.Build.0 = Debug|iPhone
		{81443D3D-F816-4845-A367-5651767E8318}.Debug|iPhoneSimulator.ActiveCfg = Debug|iPhoneSimulator
		{81443D3D-F816-4845-A367-5651767E8318}.Debug|iPhoneSimulator.Build.0 = Debug|iPhoneSimulator
		{81443D3D-F816-4845-A367-5651767E8318}.Debug|x64.ActiveCfg = Debug|iPhone
		{81443D3D-F816-4845-A367-5651767E8318}.Debug|x86.ActiveCfg = Debug|iPhone
		{81443D3D-F816-4845-A367-5651767E8318}.Release|Any CPU.ActiveCfg = Release|iPhone
		{81443D3D-F816-4845-A367-5651767E8318}.Release|ARM.ActiveCfg = Release|iPhone
		{81443D3D-F816-4845-A367-5651767E8318}.Release|iPhone.ActiveCfg = Release|iPhone
		{81443D3D-F816-4845-A367-5651767E8318}.Release|iPhone.Build.0 = Release|iPhone
		{81443D3D-F816-4845-A367-5651767E8318}.Release|iPhoneSimulator.ActiveCfg = Release|iPhoneSimulator
		{81443D3D-F816-4845-A367-5651767E8318}.Release|iPhoneSimulator.Build.0 = Release|iPhoneSimulator
		{81443D3D-F816-4845-A367-5651767E8318}.Release|x64.ActiveCfg = Release|iPhone
		{81443D3D-F816-4845-A367-5651767E8318}.Release|x86.ActiveCfg = Release|iPhone
	EndGlobalSection
	GlobalSection(SolutionProperties) = preSolution
		HideSolutionNode = FALSE
	EndGlobalSection
	GlobalSection(NestedProjects) = preSolution
		{B4E09904-0BDA-4F37-845D-F9D7BC3D8787} = {C2F5FFD4-085F-41FF-B392-FAF2CD4B0D17}
		{73D479A3-B9D6-47E1-856A-DFA4B773CFBC} = {C2F5FFD4-085F-41FF-B392-FAF2CD4B0D17}
		{D15DE44C-7569-4688-B075-4A50F06259B4} = {C2F5FFD4-085F-41FF-B392-FAF2CD4B0D17}
		{4C2D77C3-1927-41AD-8B8C-6085FDA897ED} = {C2F5FFD4-085F-41FF-B392-FAF2CD4B0D17}
		{2A2AB01E-DC3A-4A57-8F5A-A306C2820A08} = {B20C681F-FBCB-4664-BD1A-8F9478A913FE}
		{3AFC9BB4-B180-4B2A-B71A-3C59A120D50C} = {B20C681F-FBCB-4664-BD1A-8F9478A913FE}
		{52DF30BC-81C9-49B3-9AA3-8D10D74BD0F0} = {B20C681F-FBCB-4664-BD1A-8F9478A913FE}
		{E89AED06-A5E3-482E-885F-0BE692506C6E} = {B20C681F-FBCB-4664-BD1A-8F9478A913FE}
		{2CF99A5C-70FB-4053-8EEC-725B32564218} = {6B3EC0D5-0DA7-4C16-827A-CFB50136C669}
		{795F1A59-5F79-4670-97C1-D7C84049AE49} = {6B3EC0D5-0DA7-4C16-827A-CFB50136C669}
		{5DC135AC-0293-4578-B40D-DDB0F320AD5F} = {6B3EC0D5-0DA7-4C16-827A-CFB50136C669}
		{1DDE57CB-616A-40AA-8B6F-2325070C278F} = {6B3EC0D5-0DA7-4C16-827A-CFB50136C669}
		{0DB69F8F-F220-438B-9BB7-9743DF757C7C} = {D6AA0E90-4F7E-42A8-846A-C06BE4FE44DE}
		{CDE0FA43-3505-47FA-8EDC-5799F363B67C} = {D6AA0E90-4F7E-42A8-846A-C06BE4FE44DE}
		{F11F6BE2-B15E-408F-B3EF-D0B729EFDDB7} = {D6AA0E90-4F7E-42A8-846A-C06BE4FE44DE}
		{0F12AE34-654F-414B-AD92-A5D0F7E36AA3} = {D6AA0E90-4F7E-42A8-846A-C06BE4FE44DE}
		{B97BDC9E-6052-47DD-AB8A-39629628AC4D} = {C1BCCEDF-48C6-4D14-A52D-490FE2491AB5}
		{64EF7D5B-8BDD-4D82-A8DA-5D77415F7695} = {C1BCCEDF-48C6-4D14-A52D-490FE2491AB5}
		{37D3FFC0-3449-4EAD-ACE1-F3BA8E0A762B} = {C1BCCEDF-48C6-4D14-A52D-490FE2491AB5}
		{81443D3D-F816-4845-A367-5651767E8318} = {C1BCCEDF-48C6-4D14-A52D-490FE2491AB5}
	EndGlobalSection
	GlobalSection(ExtensibilityGlobals) = postSolution
		SolutionGuid = {5F3E4ACE-B25E-4651-9A64-F4FE698ED970}
	EndGlobalSection
EndGlobal
